// !$*UTF8*$!
{
	archiveVersion = 1;
	classes = {
	};
	objectVersion = 50;
	objects = {

/* Begin PBXBuildFile section */
		702495B0228CFEAE00BA01E0 /* AppDelegate.m in Sources */ = {isa = PBXBuildFile; fileRef = 702495AF228CFEAE00BA01E0 /* AppDelegate.m */; };
		702495B3228CFEAE00BA01E0 /* ViewController.m in Sources */ = {isa = PBXBuildFile; fileRef = 702495B2228CFEAE00BA01E0 /* ViewController.m */; };
		702495B6228CFEAE00BA01E0 /* Main.storyboard in Resources */ = {isa = PBXBuildFile; fileRef = 702495B4228CFEAE00BA01E0 /* Main.storyboard */; };
		702495B8228CFEB000BA01E0 /* Assets.xcassets in Resources */ = {isa = PBXBuildFile; fileRef = 702495B7228CFEB000BA01E0 /* Assets.xcassets */; };
		702495BB228CFEB000BA01E0 /* LaunchScreen.storyboard in Resources */ = {isa = PBXBuildFile; fileRef = 702495B9228CFEB000BA01E0 /* LaunchScreen.storyboard */; };
		702495BE228CFEB000BA01E0 /* main.m in Sources */ = {isa = PBXBuildFile; fileRef = 702495BD228CFEB000BA01E0 /* main.m */; };
		702495C8228CFEB000BA01E0 /* HRCommonToolTests.m in Sources */ = {isa = PBXBuildFile; fileRef = 702495C7228CFEB000BA01E0 /* HRCommonToolTests.m */; };
		702495D3228CFEB000BA01E0 /* HRCommonToolUITests.m in Sources */ = {isa = PBXBuildFile; fileRef = 702495D2228CFEB000BA01E0 /* HRCommonToolUITests.m */; };
		70249600228CFF7900BA01E0 /* UIColor+ChangeColor.m in Sources */ = {isa = PBXBuildFile; fileRef = 702495ED228CFF7900BA01E0 /* UIColor+ChangeColor.m */; };
		70249602228CFF7900BA01E0 /* UIButton+Button.m in Sources */ = {isa = PBXBuildFile; fileRef = 702495F3228CFF7900BA01E0 /* UIButton+Button.m */; };
		70249603228CFF7900BA01E0 /* WHSNavItemView.m in Sources */ = {isa = PBXBuildFile; fileRef = 702495F7228CFF7900BA01E0 /* WHSNavItemView.m */; };
		70249604228CFF7900BA01E0 /* UIViewController+AlertViewAndActionSheet.m in Sources */ = {isa = PBXBuildFile; fileRef = 702495F8228CFF7900BA01E0 /* UIViewController+AlertViewAndActionSheet.m */; };
		70249605228CFF7900BA01E0 /* UIImage+Extense.m in Sources */ = {isa = PBXBuildFile; fileRef = 702495F9228CFF7900BA01E0 /* UIImage+Extense.m */; };
		70249606228CFF7900BA01E0 /* UILabel+DBUILabel.m in Sources */ = {isa = PBXBuildFile; fileRef = 702495FA228CFF7900BA01E0 /* UILabel+DBUILabel.m */; };
		70249607228CFF7900BA01E0 /* UIView+Extension.m in Sources */ = {isa = PBXBuildFile; fileRef = 702495FC228CFF7900BA01E0 /* UIView+Extension.m */; };
		70249608228CFF7900BA01E0 /* UINavigationBar+handle.m in Sources */ = {isa = PBXBuildFile; fileRef = 702495FD228CFF7900BA01E0 /* UINavigationBar+handle.m */; };
		70249609228CFF7900BA01E0 /* UIView+Radius.m in Sources */ = {isa = PBXBuildFile; fileRef = 702495FE228CFF7900BA01E0 /* UIView+Radius.m */; };
		70249643228CFFA900BA01E0 /* HRNetworkTool.m in Sources */ = {isa = PBXBuildFile; fileRef = 7024960D228CFFA900BA01E0 /* HRNetworkTool.m */; };
		70249644228CFFA900BA01E0 /* CTLocalizedHelper.m in Sources */ = {isa = PBXBuildFile; fileRef = 7024960E228CFFA900BA01E0 /* CTLocalizedHelper.m */; };
		70249645228CFFA900BA01E0 /* UIView+directionBorder.m in Sources */ = {isa = PBXBuildFile; fileRef = 70249610228CFFA900BA01E0 /* UIView+directionBorder.m */; };
		70249646228CFFA900BA01E0 /* PGIndexBannerSubiew.m in Sources */ = {isa = PBXBuildFile; fileRef = 70249612228CFFA900BA01E0 /* PGIndexBannerSubiew.m */; };
		70249647228CFFA900BA01E0 /* NewPagedFlowView.m in Sources */ = {isa = PBXBuildFile; fileRef = 70249613228CFFA900BA01E0 /* NewPagedFlowView.m */; };
		70249648228CFFA900BA01E0 /* WHSAlertView.m in Sources */ = {isa = PBXBuildFile; fileRef = 70249616228CFFA900BA01E0 /* WHSAlertView.m */; };
		70249649228CFFA900BA01E0 /* WHSBaseNavigationController.m in Sources */ = {isa = PBXBuildFile; fileRef = 70249617228CFFA900BA01E0 /* WHSBaseNavigationController.m */; };
		7024964A228CFFA900BA01E0 /* HRQRViewController.m in Sources */ = {isa = PBXBuildFile; fileRef = 7024961A228CFFA900BA01E0 /* HRQRViewController.m */; };
		7024964B228CFFA900BA01E0 /* SZImageView.m in Sources */ = {isa = PBXBuildFile; fileRef = 7024961B228CFFA900BA01E0 /* SZImageView.m */; };
		7024964C228CFFA900BA01E0 /* HMScannerBorder.m in Sources */ = {isa = PBXBuildFile; fileRef = 70249620228CFFA900BA01E0 /* HMScannerBorder.m */; };
		7024964D228CFFA900BA01E0 /* HMScannerMaskView.m in Sources */ = {isa = PBXBuildFile; fileRef = 70249622228CFFA900BA01E0 /* HMScannerMaskView.m */; };
		7024964E228CFFA900BA01E0 /* HMScannerViewController.m in Sources */ = {isa = PBXBuildFile; fileRef = 70249624228CFFA900BA01E0 /* HMScannerViewController.m */; };
		7024964F228CFFA900BA01E0 /* HMScanner.m in Sources */ = {isa = PBXBuildFile; fileRef = 70249625228CFFA900BA01E0 /* HMScanner.m */; };
		70249650228CFFA900BA01E0 /* HMScanner.bundle in Resources */ = {isa = PBXBuildFile; fileRef = 70249626228CFFA900BA01E0 /* HMScanner.bundle */; };
		70249651228CFFA900BA01E0 /* HMScanerCardViewController.m in Sources */ = {isa = PBXBuildFile; fileRef = 70249627228CFFA900BA01E0 /* HMScanerCardViewController.m */; };
		70249652228CFFA900BA01E0 /* HMScannerController.m in Sources */ = {isa = PBXBuildFile; fileRef = 70249629228CFFA900BA01E0 /* HMScannerController.m */; };
		70249653228CFFA900BA01E0 /* WHSPhotoImageView.m in Sources */ = {isa = PBXBuildFile; fileRef = 7024962D228CFFA900BA01E0 /* WHSPhotoImageView.m */; };
		70249654228CFFA900BA01E0 /* DBCommonString.m in Sources */ = {isa = PBXBuildFile; fileRef = 7024962E228CFFA900BA01E0 /* DBCommonString.m */; };
		70249655228CFFA900BA01E0 /* NSUtil.m in Sources */ = {isa = PBXBuildFile; fileRef = 70249633228CFFA900BA01E0 /* NSUtil.m */; };
		70249656228CFFA900BA01E0 /* DBModelManager.m in Sources */ = {isa = PBXBuildFile; fileRef = 70249634228CFFA900BA01E0 /* DBModelManager.m */; };
		70249657228CFFA900BA01E0 /* DBUserInfoModel.m in Sources */ = {isa = PBXBuildFile; fileRef = 70249635228CFFA900BA01E0 /* DBUserInfoModel.m */; };
		70249658228CFFA900BA01E0 /* KeyChainStore.m in Sources */ = {isa = PBXBuildFile; fileRef = 70249636228CFFA900BA01E0 /* KeyChainStore.m */; };
		70249659228CFFA900BA01E0 /* HRCreatQRView.m in Sources */ = {isa = PBXBuildFile; fileRef = 70249639228CFFA900BA01E0 /* HRCreatQRView.m */; };
		7024965A228CFFA900BA01E0 /* BRBaseView.m in Sources */ = {isa = PBXBuildFile; fileRef = 7024963A228CFFA900BA01E0 /* BRBaseView.m */; };
		7024965B228CFFA900BA01E0 /* BRStringPickerView.m in Sources */ = {isa = PBXBuildFile; fileRef = 7024963D228CFFA900BA01E0 /* BRStringPickerView.m */; };
		7024965C228CFFA900BA01E0 /* DBTipView.m in Sources */ = {isa = PBXBuildFile; fileRef = 70249640228CFFA900BA01E0 /* DBTipView.m */; };
		CE8A169E22E04A3300233869 /* HRModel.m in Sources */ = {isa = PBXBuildFile; fileRef = CE8A169D22E04A3300233869 /* HRModel.m */; };
/* End PBXBuildFile section */

/* Begin PBXContainerItemProxy section */
		702495C4228CFEB000BA01E0 /* PBXContainerItemProxy */ = {
			isa = PBXContainerItemProxy;
			containerPortal = 702495A3228CFEAE00BA01E0 /* Project object */;
			proxyType = 1;
			remoteGlobalIDString = 702495AA228CFEAE00BA01E0;
			remoteInfo = HRCommonTool;
		};
		702495CF228CFEB000BA01E0 /* PBXContainerItemProxy */ = {
			isa = PBXContainerItemProxy;
			containerPortal = 702495A3228CFEAE00BA01E0 /* Project object */;
			proxyType = 1;
			remoteGlobalIDString = 702495AA228CFEAE00BA01E0;
			remoteInfo = HRCommonTool;
		};
/* End PBXContainerItemProxy section */

/* Begin PBXFileReference section */
		702495AB228CFEAE00BA01E0 /* HRCommonTool.app */ = {isa = PBXFileReference; explicitFileType = wrapper.application; includeInIndex = 0; path = HRCommonTool.app; sourceTree = BUILT_PRODUCTS_DIR; };
		702495AE228CFEAE00BA01E0 /* AppDelegate.h */ = {isa = PBXFileReference; lastKnownFileType = sourcecode.c.h; path = AppDelegate.h; sourceTree = "<group>"; };
		702495AF228CFEAE00BA01E0 /* AppDelegate.m */ = {isa = PBXFileReference; lastKnownFileType = sourcecode.c.objc; path = AppDelegate.m; sourceTree = "<group>"; };
		702495B1228CFEAE00BA01E0 /* ViewController.h */ = {isa = PBXFileReference; lastKnownFileType = sourcecode.c.h; path = ViewController.h; sourceTree = "<group>"; };
		702495B2228CFEAE00BA01E0 /* ViewController.m */ = {isa = PBXFileReference; lastKnownFileType = sourcecode.c.objc; path = ViewController.m; sourceTree = "<group>"; };
		702495B5228CFEAE00BA01E0 /* Base */ = {isa = PBXFileReference; lastKnownFileType = file.storyboard; name = Base; path = Base.lproj/Main.storyboard; sourceTree = "<group>"; };
		702495B7228CFEB000BA01E0 /* Assets.xcassets */ = {isa = PBXFileReference; lastKnownFileType = folder.assetcatalog; path = Assets.xcassets; sourceTree = "<group>"; };
		702495BA228CFEB000BA01E0 /* Base */ = {isa = PBXFileReference; lastKnownFileType = file.storyboard; name = Base; path = Base.lproj/LaunchScreen.storyboard; sourceTree = "<group>"; };
		702495BC228CFEB000BA01E0 /* Info.plist */ = {isa = PBXFileReference; lastKnownFileType = text.plist.xml; path = Info.plist; sourceTree = "<group>"; };
		702495BD228CFEB000BA01E0 /* main.m */ = {isa = PBXFileReference; lastKnownFileType = sourcecode.c.objc; path = main.m; sourceTree = "<group>"; };
		702495C3228CFEB000BA01E0 /* HRCommonToolTests.xctest */ = {isa = PBXFileReference; explicitFileType = wrapper.cfbundle; includeInIndex = 0; path = HRCommonToolTests.xctest; sourceTree = BUILT_PRODUCTS_DIR; };
		702495C7228CFEB000BA01E0 /* HRCommonToolTests.m */ = {isa = PBXFileReference; lastKnownFileType = sourcecode.c.objc; path = HRCommonToolTests.m; sourceTree = "<group>"; };
		702495C9228CFEB000BA01E0 /* Info.plist */ = {isa = PBXFileReference; lastKnownFileType = text.plist.xml; path = Info.plist; sourceTree = "<group>"; };
		702495CE228CFEB000BA01E0 /* HRCommonToolUITests.xctest */ = {isa = PBXFileReference; explicitFileType = wrapper.cfbundle; includeInIndex = 0; path = HRCommonToolUITests.xctest; sourceTree = BUILT_PRODUCTS_DIR; };
		702495D2228CFEB000BA01E0 /* HRCommonToolUITests.m */ = {isa = PBXFileReference; lastKnownFileType = sourcecode.c.objc; path = HRCommonToolUITests.m; sourceTree = "<group>"; };
		702495D4228CFEB000BA01E0 /* Info.plist */ = {isa = PBXFileReference; lastKnownFileType = text.plist.xml; path = Info.plist; sourceTree = "<group>"; };
		702495E0228CFEC500BA01E0 /* PrefixHeader.pch */ = {isa = PBXFileReference; lastKnownFileType = sourcecode.c.h; path = PrefixHeader.pch; sourceTree = "<group>"; };
		702495EC228CFF7900BA01E0 /* WHSNavItemView.h */ = {isa = PBXFileReference; fileEncoding = 4; lastKnownFileType = sourcecode.c.h; path = WHSNavItemView.h; sourceTree = "<group>"; };
		702495ED228CFF7900BA01E0 /* UIColor+ChangeColor.m */ = {isa = PBXFileReference; fileEncoding = 4; lastKnownFileType = sourcecode.c.objc; path = "UIColor+ChangeColor.m"; sourceTree = "<group>"; };
		702495EE228CFF7900BA01E0 /* UIImage+Extense.h */ = {isa = PBXFileReference; fileEncoding = 4; lastKnownFileType = sourcecode.c.h; path = "UIImage+Extense.h"; sourceTree = "<group>"; };
		702495EF228CFF7900BA01E0 /* UIViewController+AlertViewAndActionSheet.h */ = {isa = PBXFileReference; fileEncoding = 4; lastKnownFileType = sourcecode.c.h; path = "UIViewController+AlertViewAndActionSheet.h"; sourceTree = "<group>"; };
		702495F0228CFF7900BA01E0 /* UIView+Extension.h */ = {isa = PBXFileReference; fileEncoding = 4; lastKnownFileType = sourcecode.c.h; path = "UIView+Extension.h"; sourceTree = "<group>"; };
		702495F2228CFF7900BA01E0 /* UILabel+DBUILabel.h */ = {isa = PBXFileReference; fileEncoding = 4; lastKnownFileType = sourcecode.c.h; path = "UILabel+DBUILabel.h"; sourceTree = "<group>"; };
		702495F3228CFF7900BA01E0 /* UIButton+Button.m */ = {isa = PBXFileReference; fileEncoding = 4; lastKnownFileType = sourcecode.c.objc; path = "UIButton+Button.m"; sourceTree = "<group>"; };
		702495F4228CFF7900BA01E0 /* UIView+Radius.h */ = {isa = PBXFileReference; fileEncoding = 4; lastKnownFileType = sourcecode.c.h; path = "UIView+Radius.h"; sourceTree = "<group>"; };
		702495F5228CFF7900BA01E0 /* UINavigationBar+handle.h */ = {isa = PBXFileReference; fileEncoding = 4; lastKnownFileType = sourcecode.c.h; path = "UINavigationBar+handle.h"; sourceTree = "<group>"; };
		702495F6228CFF7900BA01E0 /* UIColor+ChangeColor.h */ = {isa = PBXFileReference; fileEncoding = 4; lastKnownFileType = sourcecode.c.h; path = "UIColor+ChangeColor.h"; sourceTree = "<group>"; };
		702495F7228CFF7900BA01E0 /* WHSNavItemView.m */ = {isa = PBXFileReference; fileEncoding = 4; lastKnownFileType = sourcecode.c.objc; path = WHSNavItemView.m; sourceTree = "<group>"; };
		702495F8228CFF7900BA01E0 /* UIViewController+AlertViewAndActionSheet.m */ = {isa = PBXFileReference; fileEncoding = 4; lastKnownFileType = sourcecode.c.objc; path = "UIViewController+AlertViewAndActionSheet.m"; sourceTree = "<group>"; };
		702495F9228CFF7900BA01E0 /* UIImage+Extense.m */ = {isa = PBXFileReference; fileEncoding = 4; lastKnownFileType = sourcecode.c.objc; path = "UIImage+Extense.m"; sourceTree = "<group>"; };
		702495FA228CFF7900BA01E0 /* UILabel+DBUILabel.m */ = {isa = PBXFileReference; fileEncoding = 4; lastKnownFileType = sourcecode.c.objc; path = "UILabel+DBUILabel.m"; sourceTree = "<group>"; };
		702495FC228CFF7900BA01E0 /* UIView+Extension.m */ = {isa = PBXFileReference; fileEncoding = 4; lastKnownFileType = sourcecode.c.objc; path = "UIView+Extension.m"; sourceTree = "<group>"; };
		702495FD228CFF7900BA01E0 /* UINavigationBar+handle.m */ = {isa = PBXFileReference; fileEncoding = 4; lastKnownFileType = sourcecode.c.objc; path = "UINavigationBar+handle.m"; sourceTree = "<group>"; };
		702495FE228CFF7900BA01E0 /* UIView+Radius.m */ = {isa = PBXFileReference; fileEncoding = 4; lastKnownFileType = sourcecode.c.objc; path = "UIView+Radius.m"; sourceTree = "<group>"; };
		702495FF228CFF7900BA01E0 /* UIButton+Button.h */ = {isa = PBXFileReference; fileEncoding = 4; lastKnownFileType = sourcecode.c.h; path = "UIButton+Button.h"; sourceTree = "<group>"; };
		7024960B228CFFA900BA01E0 /* HRNetworkTool.h */ = {isa = PBXFileReference; fileEncoding = 4; lastKnownFileType = sourcecode.c.h; path = HRNetworkTool.h; sourceTree = "<group>"; };
		7024960C228CFFA900BA01E0 /* CTLocalizedHelper.h */ = {isa = PBXFileReference; fileEncoding = 4; lastKnownFileType = sourcecode.c.h; path = CTLocalizedHelper.h; sourceTree = "<group>"; };
		7024960D228CFFA900BA01E0 /* HRNetworkTool.m */ = {isa = PBXFileReference; fileEncoding = 4; lastKnownFileType = sourcecode.c.objc; path = HRNetworkTool.m; sourceTree = "<group>"; };
		7024960E228CFFA900BA01E0 /* CTLocalizedHelper.m */ = {isa = PBXFileReference; fileEncoding = 4; lastKnownFileType = sourcecode.c.objc; path = CTLocalizedHelper.m; sourceTree = "<group>"; };
		70249610228CFFA900BA01E0 /* UIView+directionBorder.m */ = {isa = PBXFileReference; fileEncoding = 4; lastKnownFileType = sourcecode.c.objc; path = "UIView+directionBorder.m"; sourceTree = "<group>"; };
		70249612228CFFA900BA01E0 /* PGIndexBannerSubiew.m */ = {isa = PBXFileReference; fileEncoding = 4; lastKnownFileType = sourcecode.c.objc; path = PGIndexBannerSubiew.m; sourceTree = "<group>"; };
		70249613228CFFA900BA01E0 /* NewPagedFlowView.m */ = {isa = PBXFileReference; fileEncoding = 4; lastKnownFileType = sourcecode.c.objc; path = NewPagedFlowView.m; sourceTree = "<group>"; };
		70249614228CFFA900BA01E0 /* PGIndexBannerSubiew.h */ = {isa = PBXFileReference; fileEncoding = 4; lastKnownFileType = sourcecode.c.h; path = PGIndexBannerSubiew.h; sourceTree = "<group>"; };
		70249615228CFFA900BA01E0 /* NewPagedFlowView.h */ = {isa = PBXFileReference; fileEncoding = 4; lastKnownFileType = sourcecode.c.h; path = NewPagedFlowView.h; sourceTree = "<group>"; };
		70249616228CFFA900BA01E0 /* WHSAlertView.m */ = {isa = PBXFileReference; fileEncoding = 4; lastKnownFileType = sourcecode.c.objc; path = WHSAlertView.m; sourceTree = "<group>"; };
		70249617228CFFA900BA01E0 /* WHSBaseNavigationController.m */ = {isa = PBXFileReference; fileEncoding = 4; lastKnownFileType = sourcecode.c.objc; path = WHSBaseNavigationController.m; sourceTree = "<group>"; };
		70249618228CFFA900BA01E0 /* BRStringPickerView.h */ = {isa = PBXFileReference; fileEncoding = 4; lastKnownFileType = sourcecode.c.h; path = BRStringPickerView.h; sourceTree = "<group>"; };
		7024961A228CFFA900BA01E0 /* HRQRViewController.m */ = {isa = PBXFileReference; fileEncoding = 4; lastKnownFileType = sourcecode.c.objc; path = HRQRViewController.m; sourceTree = "<group>"; };
		7024961B228CFFA900BA01E0 /* SZImageView.m */ = {isa = PBXFileReference; fileEncoding = 4; lastKnownFileType = sourcecode.c.objc; path = SZImageView.m; sourceTree = "<group>"; };
		7024961C228CFFA900BA01E0 /* DBCommonString.h */ = {isa = PBXFileReference; fileEncoding = 4; lastKnownFileType = sourcecode.c.h; path = DBCommonString.h; sourceTree = "<group>"; };
		7024961D228CFFA900BA01E0 /* WHSPhotoImageView.h */ = {isa = PBXFileReference; fileEncoding = 4; lastKnownFileType = sourcecode.c.h; path = WHSPhotoImageView.h; sourceTree = "<group>"; };
		7024961F228CFFA900BA01E0 /* HMScanner.h */ = {isa = PBXFileReference; fileEncoding = 4; lastKnownFileType = sourcecode.c.h; path = HMScanner.h; sourceTree = "<group>"; };
		70249620228CFFA900BA01E0 /* HMScannerBorder.m */ = {isa = PBXFileReference; fileEncoding = 4; lastKnownFileType = sourcecode.c.objc; path = HMScannerBorder.m; sourceTree = "<group>"; };
		70249621228CFFA900BA01E0 /* HMScannerController.h */ = {isa = PBXFileReference; fileEncoding = 4; lastKnownFileType = sourcecode.c.h; path = HMScannerController.h; sourceTree = "<group>"; };
		70249622228CFFA900BA01E0 /* HMScannerMaskView.m */ = {isa = PBXFileReference; fileEncoding = 4; lastKnownFileType = sourcecode.c.objc; path = HMScannerMaskView.m; sourceTree = "<group>"; };
		70249623228CFFA900BA01E0 /* HMScanerCardViewController.h */ = {isa = PBXFileReference; fileEncoding = 4; lastKnownFileType = sourcecode.c.h; path = HMScanerCardViewController.h; sourceTree = "<group>"; };
		70249624228CFFA900BA01E0 /* HMScannerViewController.m */ = {isa = PBXFileReference; fileEncoding = 4; lastKnownFileType = sourcecode.c.objc; path = HMScannerViewController.m; sourceTree = "<group>"; };
		70249625228CFFA900BA01E0 /* HMScanner.m */ = {isa = PBXFileReference; fileEncoding = 4; lastKnownFileType = sourcecode.c.objc; path = HMScanner.m; sourceTree = "<group>"; };
		70249626228CFFA900BA01E0 /* HMScanner.bundle */ = {isa = PBXFileReference; lastKnownFileType = "wrapper.plug-in"; path = HMScanner.bundle; sourceTree = "<group>"; };
		70249627228CFFA900BA01E0 /* HMScanerCardViewController.m */ = {isa = PBXFileReference; fileEncoding = 4; lastKnownFileType = sourcecode.c.objc; path = HMScanerCardViewController.m; sourceTree = "<group>"; };
		70249628228CFFA900BA01E0 /* HMScannerMaskView.h */ = {isa = PBXFileReference; fileEncoding = 4; lastKnownFileType = sourcecode.c.h; path = HMScannerMaskView.h; sourceTree = "<group>"; };
		70249629228CFFA900BA01E0 /* HMScannerController.m */ = {isa = PBXFileReference; fileEncoding = 4; lastKnownFileType = sourcecode.c.objc; path = HMScannerController.m; sourceTree = "<group>"; };
		7024962A228CFFA900BA01E0 /* HMScannerBorder.h */ = {isa = PBXFileReference; fileEncoding = 4; lastKnownFileType = sourcecode.c.h; path = HMScannerBorder.h; sourceTree = "<group>"; };
		7024962B228CFFA900BA01E0 /* HMScannerViewController.h */ = {isa = PBXFileReference; fileEncoding = 4; lastKnownFileType = sourcecode.c.h; path = HMScannerViewController.h; sourceTree = "<group>"; };
		7024962C228CFFA900BA01E0 /* HRQRViewController.h */ = {isa = PBXFileReference; fileEncoding = 4; lastKnownFileType = sourcecode.c.h; path = HRQRViewController.h; sourceTree = "<group>"; };
		7024962D228CFFA900BA01E0 /* WHSPhotoImageView.m */ = {isa = PBXFileReference; fileEncoding = 4; lastKnownFileType = sourcecode.c.objc; path = WHSPhotoImageView.m; sourceTree = "<group>"; };
		7024962E228CFFA900BA01E0 /* DBCommonString.m */ = {isa = PBXFileReference; fileEncoding = 4; lastKnownFileType = sourcecode.c.objc; path = DBCommonString.m; sourceTree = "<group>"; };
		7024962F228CFFA900BA01E0 /* SZImageView.h */ = {isa = PBXFileReference; fileEncoding = 4; lastKnownFileType = sourcecode.c.h; path = SZImageView.h; sourceTree = "<group>"; };
		70249631228CFFA900BA01E0 /* DBUserInfoModel.h */ = {isa = PBXFileReference; fileEncoding = 4; lastKnownFileType = sourcecode.c.h; path = DBUserInfoModel.h; sourceTree = "<group>"; };
		70249632228CFFA900BA01E0 /* KeyChainStore.h */ = {isa = PBXFileReference; fileEncoding = 4; lastKnownFileType = sourcecode.c.h; path = KeyChainStore.h; sourceTree = "<group>"; };
		70249633228CFFA900BA01E0 /* NSUtil.m */ = {isa = PBXFileReference; fileEncoding = 4; lastKnownFileType = sourcecode.c.objc; path = NSUtil.m; sourceTree = "<group>"; };
		70249634228CFFA900BA01E0 /* DBModelManager.m */ = {isa = PBXFileReference; fileEncoding = 4; lastKnownFileType = sourcecode.c.objc; path = DBModelManager.m; sourceTree = "<group>"; };
		70249635228CFFA900BA01E0 /* DBUserInfoModel.m */ = {isa = PBXFileReference; fileEncoding = 4; lastKnownFileType = sourcecode.c.objc; path = DBUserInfoModel.m; sourceTree = "<group>"; };
		70249636228CFFA900BA01E0 /* KeyChainStore.m */ = {isa = PBXFileReference; fileEncoding = 4; lastKnownFileType = sourcecode.c.objc; path = KeyChainStore.m; sourceTree = "<group>"; };
		70249637228CFFA900BA01E0 /* DBModelManager.h */ = {isa = PBXFileReference; fileEncoding = 4; lastKnownFileType = sourcecode.c.h; path = DBModelManager.h; sourceTree = "<group>"; };
		70249638228CFFA900BA01E0 /* NSUtil.h */ = {isa = PBXFileReference; fileEncoding = 4; lastKnownFileType = sourcecode.c.h; path = NSUtil.h; sourceTree = "<group>"; };
		70249639228CFFA900BA01E0 /* HRCreatQRView.m */ = {isa = PBXFileReference; fileEncoding = 4; lastKnownFileType = sourcecode.c.objc; path = HRCreatQRView.m; sourceTree = "<group>"; };
		7024963A228CFFA900BA01E0 /* BRBaseView.m */ = {isa = PBXFileReference; fileEncoding = 4; lastKnownFileType = sourcecode.c.objc; path = BRBaseView.m; sourceTree = "<group>"; };
		7024963B228CFFA900BA01E0 /* DBTipView.h */ = {isa = PBXFileReference; fileEncoding = 4; lastKnownFileType = sourcecode.c.h; path = DBTipView.h; sourceTree = "<group>"; };
		7024963C228CFFA900BA01E0 /* UIView+directionBorder.h */ = {isa = PBXFileReference; fileEncoding = 4; lastKnownFileType = sourcecode.c.h; path = "UIView+directionBorder.h"; sourceTree = "<group>"; };
		7024963D228CFFA900BA01E0 /* BRStringPickerView.m */ = {isa = PBXFileReference; fileEncoding = 4; lastKnownFileType = sourcecode.c.objc; path = BRStringPickerView.m; sourceTree = "<group>"; };
		7024963E228CFFA900BA01E0 /* WHSBaseNavigationController.h */ = {isa = PBXFileReference; fileEncoding = 4; lastKnownFileType = sourcecode.c.h; path = WHSBaseNavigationController.h; sourceTree = "<group>"; };
		7024963F228CFFA900BA01E0 /* WHSAlertView.h */ = {isa = PBXFileReference; fileEncoding = 4; lastKnownFileType = sourcecode.c.h; path = WHSAlertView.h; sourceTree = "<group>"; };
		70249640228CFFA900BA01E0 /* DBTipView.m */ = {isa = PBXFileReference; fileEncoding = 4; lastKnownFileType = sourcecode.c.objc; path = DBTipView.m; sourceTree = "<group>"; };
		70249641228CFFA900BA01E0 /* BRBaseView.h */ = {isa = PBXFileReference; fileEncoding = 4; lastKnownFileType = sourcecode.c.h; path = BRBaseView.h; sourceTree = "<group>"; };
		70249642228CFFA900BA01E0 /* HRCreatQRView.h */ = {isa = PBXFileReference; fileEncoding = 4; lastKnownFileType = sourcecode.c.h; path = HRCreatQRView.h; sourceTree = "<group>"; };
		CE8A169C22E04A3300233869 /* HRModel.h */ = {isa = PBXFileReference; lastKnownFileType = sourcecode.c.h; path = HRModel.h; sourceTree = "<group>"; };
		CE8A169D22E04A3300233869 /* HRModel.m */ = {isa = PBXFileReference; lastKnownFileType = sourcecode.c.objc; path = HRModel.m; sourceTree = "<group>"; };
/* End PBXFileReference section */

/* Begin PBXFrameworksBuildPhase section */
		702495A8228CFEAE00BA01E0 /* Frameworks */ = {
			isa = PBXFrameworksBuildPhase;
			buildActionMask = 2147483647;
			files = (
			);
			runOnlyForDeploymentPostprocessing = 0;
		};
		702495C0228CFEB000BA01E0 /* Frameworks */ = {
			isa = PBXFrameworksBuildPhase;
			buildActionMask = 2147483647;
			files = (
			);
			runOnlyForDeploymentPostprocessing = 0;
		};
		702495CB228CFEB000BA01E0 /* Frameworks */ = {
			isa = PBXFrameworksBuildPhase;
			buildActionMask = 2147483647;
			files = (
			);
			runOnlyForDeploymentPostprocessing = 0;
		};
/* End PBXFrameworksBuildPhase section */

/* Begin PBXGroup section */
		702495A2228CFEAE00BA01E0 = {
			isa = PBXGroup;
			children = (
				702495AD228CFEAE00BA01E0 /* HRCommonTool */,
				702495C6228CFEB000BA01E0 /* HRCommonToolTests */,
				702495D1228CFEB000BA01E0 /* HRCommonToolUITests */,
				702495AC228CFEAE00BA01E0 /* Products */,
			);
			sourceTree = "<group>";
		};
		702495AC228CFEAE00BA01E0 /* Products */ = {
			isa = PBXGroup;
			children = (
				702495AB228CFEAE00BA01E0 /* HRCommonTool.app */,
				702495C3228CFEB000BA01E0 /* HRCommonToolTests.xctest */,
				702495CE228CFEB000BA01E0 /* HRCommonToolUITests.xctest */,
			);
			name = Products;
			sourceTree = "<group>";
		};
		702495AD228CFEAE00BA01E0 /* HRCommonTool */ = {
			isa = PBXGroup;
			children = (
				7024960A228CFFA900BA01E0 /* Tool */,
				7024960F228CFFA900BA01E0 /* ToolView */,
				702495EB228CFF7800BA01E0 /* HRCategory */,
				702495AE228CFEAE00BA01E0 /* AppDelegate.h */,
				702495AF228CFEAE00BA01E0 /* AppDelegate.m */,
				702495B1228CFEAE00BA01E0 /* ViewController.h */,
				702495B2228CFEAE00BA01E0 /* ViewController.m */,
				CE8A169C22E04A3300233869 /* HRModel.h */,
				CE8A169D22E04A3300233869 /* HRModel.m */,
				702495B4228CFEAE00BA01E0 /* Main.storyboard */,
				702495B7228CFEB000BA01E0 /* Assets.xcassets */,
				702495B9228CFEB000BA01E0 /* LaunchScreen.storyboard */,
				702495BC228CFEB000BA01E0 /* Info.plist */,
				702495BD228CFEB000BA01E0 /* main.m */,
				702495E0228CFEC500BA01E0 /* PrefixHeader.pch */,
			);
			path = HRCommonTool;
			sourceTree = "<group>";
		};
		702495C6228CFEB000BA01E0 /* HRCommonToolTests */ = {
			isa = PBXGroup;
			children = (
				702495C7228CFEB000BA01E0 /* HRCommonToolTests.m */,
				702495C9228CFEB000BA01E0 /* Info.plist */,
			);
			path = HRCommonToolTests;
			sourceTree = "<group>";
		};
		702495D1228CFEB000BA01E0 /* HRCommonToolUITests */ = {
			isa = PBXGroup;
			children = (
				702495D2228CFEB000BA01E0 /* HRCommonToolUITests.m */,
				702495D4228CFEB000BA01E0 /* Info.plist */,
			);
			path = HRCommonToolUITests;
			sourceTree = "<group>";
		};
		702495EB228CFF7800BA01E0 /* HRCategory */ = {
			isa = PBXGroup;
			children = (
				702495EC228CFF7900BA01E0 /* WHSNavItemView.h */,
				702495ED228CFF7900BA01E0 /* UIColor+ChangeColor.m */,
				702495EE228CFF7900BA01E0 /* UIImage+Extense.h */,
				702495EF228CFF7900BA01E0 /* UIViewController+AlertViewAndActionSheet.h */,
				702495F0228CFF7900BA01E0 /* UIView+Extension.h */,
				702495F2228CFF7900BA01E0 /* UILabel+DBUILabel.h */,
				702495F3228CFF7900BA01E0 /* UIButton+Button.m */,
				702495F4228CFF7900BA01E0 /* UIView+Radius.h */,
				702495F5228CFF7900BA01E0 /* UINavigationBar+handle.h */,
				702495F6228CFF7900BA01E0 /* UIColor+ChangeColor.h */,
				702495F7228CFF7900BA01E0 /* WHSNavItemView.m */,
				702495F8228CFF7900BA01E0 /* UIViewController+AlertViewAndActionSheet.m */,
				702495F9228CFF7900BA01E0 /* UIImage+Extense.m */,
				702495FA228CFF7900BA01E0 /* UILabel+DBUILabel.m */,
				702495FC228CFF7900BA01E0 /* UIView+Extension.m */,
				702495FD228CFF7900BA01E0 /* UINavigationBar+handle.m */,
				702495FE228CFF7900BA01E0 /* UIView+Radius.m */,
				702495FF228CFF7900BA01E0 /* UIButton+Button.h */,
			);
			path = HRCategory;
			sourceTree = "<group>";
		};
		7024960A228CFFA900BA01E0 /* Tool */ = {
			isa = PBXGroup;
			children = (
				7024960B228CFFA900BA01E0 /* HRNetworkTool.h */,
				7024960C228CFFA900BA01E0 /* CTLocalizedHelper.h */,
				7024960D228CFFA900BA01E0 /* HRNetworkTool.m */,
				7024960E228CFFA900BA01E0 /* CTLocalizedHelper.m */,
			);
			path = Tool;
			sourceTree = "<group>";
		};
		7024960F228CFFA900BA01E0 /* ToolView */ = {
			isa = PBXGroup;
			children = (
				70249610228CFFA900BA01E0 /* UIView+directionBorder.m */,
				70249611228CFFA900BA01E0 /* NewPagedFlowView */,
				70249616228CFFA900BA01E0 /* WHSAlertView.m */,
				70249617228CFFA900BA01E0 /* WHSBaseNavigationController.m */,
				70249618228CFFA900BA01E0 /* BRStringPickerView.h */,
				70249619228CFFA900BA01E0 /* WHSToolVontroller */,
				70249639228CFFA900BA01E0 /* HRCreatQRView.m */,
				7024963A228CFFA900BA01E0 /* BRBaseView.m */,
				7024963B228CFFA900BA01E0 /* DBTipView.h */,
				7024963C228CFFA900BA01E0 /* UIView+directionBorder.h */,
				7024963D228CFFA900BA01E0 /* BRStringPickerView.m */,
				7024963E228CFFA900BA01E0 /* WHSBaseNavigationController.h */,
				7024963F228CFFA900BA01E0 /* WHSAlertView.h */,
				70249640228CFFA900BA01E0 /* DBTipView.m */,
				70249641228CFFA900BA01E0 /* BRBaseView.h */,
				70249642228CFFA900BA01E0 /* HRCreatQRView.h */,
			);
			path = ToolView;
			sourceTree = "<group>";
		};
		70249611228CFFA900BA01E0 /* NewPagedFlowView */ = {
			isa = PBXGroup;
			children = (
				70249612228CFFA900BA01E0 /* PGIndexBannerSubiew.m */,
				70249613228CFFA900BA01E0 /* NewPagedFlowView.m */,
				70249614228CFFA900BA01E0 /* PGIndexBannerSubiew.h */,
				70249615228CFFA900BA01E0 /* NewPagedFlowView.h */,
			);
			path = NewPagedFlowView;
			sourceTree = "<group>";
		};
		70249619228CFFA900BA01E0 /* WHSToolVontroller */ = {
			isa = PBXGroup;
			children = (
				7024961A228CFFA900BA01E0 /* HRQRViewController.m */,
				7024961B228CFFA900BA01E0 /* SZImageView.m */,
				7024961C228CFFA900BA01E0 /* DBCommonString.h */,
				7024961D228CFFA900BA01E0 /* WHSPhotoImageView.h */,
				7024961E228CFFA900BA01E0 /* QRCode */,
				7024962C228CFFA900BA01E0 /* HRQRViewController.h */,
				7024962D228CFFA900BA01E0 /* WHSPhotoImageView.m */,
				7024962E228CFFA900BA01E0 /* DBCommonString.m */,
				7024962F228CFFA900BA01E0 /* SZImageView.h */,
				70249630228CFFA900BA01E0 /* HRPictureCompression */,
			);
			path = WHSToolVontroller;
			sourceTree = "<group>";
		};
		7024961E228CFFA900BA01E0 /* QRCode */ = {
			isa = PBXGroup;
			children = (
				7024961F228CFFA900BA01E0 /* HMScanner.h */,
				70249620228CFFA900BA01E0 /* HMScannerBorder.m */,
				70249621228CFFA900BA01E0 /* HMScannerController.h */,
				70249622228CFFA900BA01E0 /* HMScannerMaskView.m */,
				70249623228CFFA900BA01E0 /* HMScanerCardViewController.h */,
				70249624228CFFA900BA01E0 /* HMScannerViewController.m */,
				70249625228CFFA900BA01E0 /* HMScanner.m */,
				70249626228CFFA900BA01E0 /* HMScanner.bundle */,
				70249627228CFFA900BA01E0 /* HMScanerCardViewController.m */,
				70249628228CFFA900BA01E0 /* HMScannerMaskView.h */,
				70249629228CFFA900BA01E0 /* HMScannerController.m */,
				7024962A228CFFA900BA01E0 /* HMScannerBorder.h */,
				7024962B228CFFA900BA01E0 /* HMScannerViewController.h */,
			);
			path = QRCode;
			sourceTree = "<group>";
		};
		70249630228CFFA900BA01E0 /* HRPictureCompression */ = {
			isa = PBXGroup;
			children = (
				70249631228CFFA900BA01E0 /* DBUserInfoModel.h */,
				70249632228CFFA900BA01E0 /* KeyChainStore.h */,
				70249633228CFFA900BA01E0 /* NSUtil.m */,
				70249634228CFFA900BA01E0 /* DBModelManager.m */,
				70249635228CFFA900BA01E0 /* DBUserInfoModel.m */,
				70249636228CFFA900BA01E0 /* KeyChainStore.m */,
				70249637228CFFA900BA01E0 /* DBModelManager.h */,
				70249638228CFFA900BA01E0 /* NSUtil.h */,
			);
			path = HRPictureCompression;
			sourceTree = "<group>";
		};
/* End PBXGroup section */

/* Begin PBXNativeTarget section */
		702495AA228CFEAE00BA01E0 /* HRCommonTool */ = {
			isa = PBXNativeTarget;
			buildConfigurationList = 702495D7228CFEB000BA01E0 /* Build configuration list for PBXNativeTarget "HRCommonTool" */;
			buildPhases = (
				702495A7228CFEAE00BA01E0 /* Sources */,
				702495A8228CFEAE00BA01E0 /* Frameworks */,
				702495A9228CFEAE00BA01E0 /* Resources */,
			);
			buildRules = (
			);
			dependencies = (
			);
			name = HRCommonTool;
			productName = HRCommonTool;
			productReference = 702495AB228CFEAE00BA01E0 /* HRCommonTool.app */;
			productType = "com.apple.product-type.application";
		};
		702495C2228CFEB000BA01E0 /* HRCommonToolTests */ = {
			isa = PBXNativeTarget;
			buildConfigurationList = 702495DA228CFEB000BA01E0 /* Build configuration list for PBXNativeTarget "HRCommonToolTests" */;
			buildPhases = (
				702495BF228CFEB000BA01E0 /* Sources */,
				702495C0228CFEB000BA01E0 /* Frameworks */,
				702495C1228CFEB000BA01E0 /* Resources */,
			);
			buildRules = (
			);
			dependencies = (
				702495C5228CFEB000BA01E0 /* PBXTargetDependency */,
			);
			name = HRCommonToolTests;
			productName = HRCommonToolTests;
			productReference = 702495C3228CFEB000BA01E0 /* HRCommonToolTests.xctest */;
			productType = "com.apple.product-type.bundle.unit-test";
		};
		702495CD228CFEB000BA01E0 /* HRCommonToolUITests */ = {
			isa = PBXNativeTarget;
			buildConfigurationList = 702495DD228CFEB000BA01E0 /* Build configuration list for PBXNativeTarget "HRCommonToolUITests" */;
			buildPhases = (
				702495CA228CFEB000BA01E0 /* Sources */,
				702495CB228CFEB000BA01E0 /* Frameworks */,
				702495CC228CFEB000BA01E0 /* Resources */,
			);
			buildRules = (
			);
			dependencies = (
				702495D0228CFEB000BA01E0 /* PBXTargetDependency */,
			);
			name = HRCommonToolUITests;
			productName = HRCommonToolUITests;
			productReference = 702495CE228CFEB000BA01E0 /* HRCommonToolUITests.xctest */;
			productType = "com.apple.product-type.bundle.ui-testing";
		};
/* End PBXNativeTarget section */

/* Begin PBXProject section */
		702495A3228CFEAE00BA01E0 /* Project object */ = {
			isa = PBXProject;
			attributes = {
				LastUpgradeCheck = 1010;
				ORGANIZATIONNAME = CCAPP;
				TargetAttributes = {
					702495AA228CFEAE00BA01E0 = {
						CreatedOnToolsVersion = 10.1;
					};
					702495C2228CFEB000BA01E0 = {
						CreatedOnToolsVersion = 10.1;
						TestTargetID = 702495AA228CFEAE00BA01E0;
					};
					702495CD228CFEB000BA01E0 = {
						CreatedOnToolsVersion = 10.1;
						TestTargetID = 702495AA228CFEAE00BA01E0;
					};
				};
			};
			buildConfigurationList = 702495A6228CFEAE00BA01E0 /* Build configuration list for PBXProject "HRCommonTool" */;
			compatibilityVersion = "Xcode 9.3";
			developmentRegion = en;
			hasScannedForEncodings = 0;
			knownRegions = (
				en,
				Base,
			);
			mainGroup = 702495A2228CFEAE00BA01E0;
			productRefGroup = 702495AC228CFEAE00BA01E0 /* Products */;
			projectDirPath = "";
			projectRoot = "";
			targets = (
				702495AA228CFEAE00BA01E0 /* HRCommonTool */,
				702495C2228CFEB000BA01E0 /* HRCommonToolTests */,
				702495CD228CFEB000BA01E0 /* HRCommonToolUITests */,
			);
		};
/* End PBXProject section */

/* Begin PBXResourcesBuildPhase section */
		702495A9228CFEAE00BA01E0 /* Resources */ = {
			isa = PBXResourcesBuildPhase;
			buildActionMask = 2147483647;
			files = (
				702495BB228CFEB000BA01E0 /* LaunchScreen.storyboard in Resources */,
				702495B8228CFEB000BA01E0 /* Assets.xcassets in Resources */,
				702495B6228CFEAE00BA01E0 /* Main.storyboard in Resources */,
				70249650228CFFA900BA01E0 /* HMScanner.bundle in Resources */,
			);
			runOnlyForDeploymentPostprocessing = 0;
		};
		702495C1228CFEB000BA01E0 /* Resources */ = {
			isa = PBXResourcesBuildPhase;
			buildActionMask = 2147483647;
			files = (
			);
			runOnlyForDeploymentPostprocessing = 0;
		};
		702495CC228CFEB000BA01E0 /* Resources */ = {
			isa = PBXResourcesBuildPhase;
			buildActionMask = 2147483647;
			files = (
			);
			runOnlyForDeploymentPostprocessing = 0;
		};
/* End PBXResourcesBuildPhase section */

/* Begin PBXSourcesBuildPhase section */
		702495A7228CFEAE00BA01E0 /* Sources */ = {
			isa = PBXSourcesBuildPhase;
			buildActionMask = 2147483647;
			files = (
				70249644228CFFA900BA01E0 /* CTLocalizedHelper.m in Sources */,
				70249658228CFFA900BA01E0 /* KeyChainStore.m in Sources */,
				70249657228CFFA900BA01E0 /* DBUserInfoModel.m in Sources */,
				CE8A169E22E04A3300233869 /* HRModel.m in Sources */,
				70249605228CFF7900BA01E0 /* UIImage+Extense.m in Sources */,
				702495B3228CFEAE00BA01E0 /* ViewController.m in Sources */,
				70249607228CFF7900BA01E0 /* UIView+Extension.m in Sources */,
				70249653228CFFA900BA01E0 /* WHSPhotoImageView.m in Sources */,
				70249602228CFF7900BA01E0 /* UIButton+Button.m in Sources */,
				70249651228CFFA900BA01E0 /* HMScanerCardViewController.m in Sources */,
				7024964A228CFFA900BA01E0 /* HRQRViewController.m in Sources */,
				7024965C228CFFA900BA01E0 /* DBTipView.m in Sources */,
				70249659228CFFA900BA01E0 /* HRCreatQRView.m in Sources */,
				70249606228CFF7900BA01E0 /* UILabel+DBUILabel.m in Sources */,
				70249645228CFFA900BA01E0 /* UIView+directionBorder.m in Sources */,
				70249647228CFFA900BA01E0 /* NewPagedFlowView.m in Sources */,
				70249655228CFFA900BA01E0 /* NSUtil.m in Sources */,
				70249604228CFF7900BA01E0 /* UIViewController+AlertViewAndActionSheet.m in Sources */,
				70249649228CFFA900BA01E0 /* WHSBaseNavigationController.m in Sources */,
				7024965A228CFFA900BA01E0 /* BRBaseView.m in Sources */,
				7024965B228CFFA900BA01E0 /* BRStringPickerView.m in Sources */,
				70249654228CFFA900BA01E0 /* DBCommonString.m in Sources */,
				7024964D228CFFA900BA01E0 /* HMScannerMaskView.m in Sources */,
				7024964F228CFFA900BA01E0 /* HMScanner.m in Sources */,
				70249600228CFF7900BA01E0 /* UIColor+ChangeColor.m in Sources */,
				70249603228CFF7900BA01E0 /* WHSNavItemView.m in Sources */,
				70249648228CFFA900BA01E0 /* WHSAlertView.m in Sources */,
				7024964B228CFFA900BA01E0 /* SZImageView.m in Sources */,
				70249652228CFFA900BA01E0 /* HMScannerController.m in Sources */,
				7024964E228CFFA900BA01E0 /* HMScannerViewController.m in Sources */,
				70249609228CFF7900BA01E0 /* UIView+Radius.m in Sources */,
				70249643228CFFA900BA01E0 /* HRNetworkTool.m in Sources */,
				70249608228CFF7900BA01E0 /* UINavigationBar+handle.m in Sources */,
				702495BE228CFEB000BA01E0 /* main.m in Sources */,
				70249646228CFFA900BA01E0 /* PGIndexBannerSubiew.m in Sources */,
				70249656228CFFA900BA01E0 /* DBModelManager.m in Sources */,
				7024964C228CFFA900BA01E0 /* HMScannerBorder.m in Sources */,
				702495B0228CFEAE00BA01E0 /* AppDelegate.m in Sources */,
			);
			runOnlyForDeploymentPostprocessing = 0;
		};
		702495BF228CFEB000BA01E0 /* Sources */ = {
			isa = PBXSourcesBuildPhase;
			buildActionMask = 2147483647;
			files = (
				702495C8228CFEB000BA01E0 /* HRCommonToolTests.m in Sources */,
			);
			runOnlyForDeploymentPostprocessing = 0;
		};
		702495CA228CFEB000BA01E0 /* Sources */ = {
			isa = PBXSourcesBuildPhase;
			buildActionMask = 2147483647;
			files = (
				702495D3228CFEB000BA01E0 /* HRCommonToolUITests.m in Sources */,
			);
			runOnlyForDeploymentPostprocessing = 0;
		};
/* End PBXSourcesBuildPhase section */

/* Begin PBXTargetDependency section */
		702495C5228CFEB000BA01E0 /* PBXTargetDependency */ = {
			isa = PBXTargetDependency;
			target = 702495AA228CFEAE00BA01E0 /* HRCommonTool */;
			targetProxy = 702495C4228CFEB000BA01E0 /* PBXContainerItemProxy */;
		};
		702495D0228CFEB000BA01E0 /* PBXTargetDependency */ = {
			isa = PBXTargetDependency;
			target = 702495AA228CFEAE00BA01E0 /* HRCommonTool */;
			targetProxy = 702495CF228CFEB000BA01E0 /* PBXContainerItemProxy */;
		};
/* End PBXTargetDependency section */

/* Begin PBXVariantGroup section */
		702495B4228CFEAE00BA01E0 /* Main.storyboard */ = {
			isa = PBXVariantGroup;
			children = (
				702495B5228CFEAE00BA01E0 /* Base */,
			);
			name = Main.storyboard;
			sourceTree = "<group>";
		};
		702495B9228CFEB000BA01E0 /* LaunchScreen.storyboard */ = {
			isa = PBXVariantGroup;
			children = (
				702495BA228CFEB000BA01E0 /* Base */,
			);
			name = LaunchScreen.storyboard;
			sourceTree = "<group>";
		};
/* End PBXVariantGroup section */

/* Begin XCBuildConfiguration section */
		702495D5228CFEB000BA01E0 /* Debug */ = {
			isa = XCBuildConfiguration;
			buildSettings = {
				ALWAYS_SEARCH_USER_PATHS = NO;
				CLANG_ANALYZER_NONNULL = YES;
				CLANG_ANALYZER_NUMBER_OBJECT_CONVERSION = YES_AGGRESSIVE;
				CLANG_CXX_LANGUAGE_STANDARD = "gnu++14";
				CLANG_CXX_LIBRARY = "libc++";
				CLANG_ENABLE_MODULES = YES;
				CLANG_ENABLE_OBJC_ARC = YES;
				CLANG_ENABLE_OBJC_WEAK = YES;
				CLANG_WARN_BLOCK_CAPTURE_AUTORELEASING = YES;
				CLANG_WARN_BOOL_CONVERSION = YES;
				CLANG_WARN_COMMA = YES;
				CLANG_WARN_CONSTANT_CONVERSION = YES;
				CLANG_WARN_DEPRECATED_OBJC_IMPLEMENTATIONS = YES;
				CLANG_WARN_DIRECT_OBJC_ISA_USAGE = YES_ERROR;
				CLANG_WARN_DOCUMENTATION_COMMENTS = YES;
				CLANG_WARN_EMPTY_BODY = YES;
				CLANG_WARN_ENUM_CONVERSION = YES;
				CLANG_WARN_INFINITE_RECURSION = YES;
				CLANG_WARN_INT_CONVERSION = YES;
				CLANG_WARN_NON_LITERAL_NULL_CONVERSION = YES;
				CLANG_WARN_OBJC_IMPLICIT_RETAIN_SELF = YES;
				CLANG_WARN_OBJC_LITERAL_CONVERSION = YES;
				CLANG_WARN_OBJC_ROOT_CLASS = YES_ERROR;
				CLANG_WARN_RANGE_LOOP_ANALYSIS = YES;
				CLANG_WARN_STRICT_PROTOTYPES = YES;
				CLANG_WARN_SUSPICIOUS_MOVE = YES;
				CLANG_WARN_UNGUARDED_AVAILABILITY = YES_AGGRESSIVE;
				CLANG_WARN_UNREACHABLE_CODE = YES;
				CLANG_WARN__DUPLICATE_METHOD_MATCH = YES;
				CODE_SIGN_IDENTITY = "iPhone Developer";
				COPY_PHASE_STRIP = NO;
				DEBUG_INFORMATION_FORMAT = dwarf;
				ENABLE_STRICT_OBJC_MSGSEND = YES;
				ENABLE_TESTABILITY = YES;
				GCC_C_LANGUAGE_STANDARD = gnu11;
				GCC_DYNAMIC_NO_PIC = NO;
				GCC_NO_COMMON_BLOCKS = YES;
				GCC_OPTIMIZATION_LEVEL = 0;
				GCC_PREPROCESSOR_DEFINITIONS = (
					"DEBUG=1",
					"$(inherited)",
				);
				GCC_WARN_64_TO_32_BIT_CONVERSION = YES;
				GCC_WARN_ABOUT_RETURN_TYPE = YES_ERROR;
				GCC_WARN_UNDECLARED_SELECTOR = YES;
				GCC_WARN_UNINITIALIZED_AUTOS = YES_AGGRESSIVE;
				GCC_WARN_UNUSED_FUNCTION = YES;
				GCC_WARN_UNUSED_VARIABLE = YES;
				IPHONEOS_DEPLOYMENT_TARGET = 12.1;
				MTL_ENABLE_DEBUG_INFO = INCLUDE_SOURCE;
				MTL_FAST_MATH = YES;
				ONLY_ACTIVE_ARCH = YES;
				SDKROOT = iphoneos;
			};
			name = Debug;
		};
		702495D6228CFEB000BA01E0 /* Release */ = {
			isa = XCBuildConfiguration;
			buildSettings = {
				ALWAYS_SEARCH_USER_PATHS = NO;
				CLANG_ANALYZER_NONNULL = YES;
				CLANG_ANALYZER_NUMBER_OBJECT_CONVERSION = YES_AGGRESSIVE;
				CLANG_CXX_LANGUAGE_STANDARD = "gnu++14";
				CLANG_CXX_LIBRARY = "libc++";
				CLANG_ENABLE_MODULES = YES;
				CLANG_ENABLE_OBJC_ARC = YES;
				CLANG_ENABLE_OBJC_WEAK = YES;
				CLANG_WARN_BLOCK_CAPTURE_AUTORELEASING = YES;
				CLANG_WARN_BOOL_CONVERSION = YES;
				CLANG_WARN_COMMA = YES;
				CLANG_WARN_CONSTANT_CONVERSION = YES;
				CLANG_WARN_DEPRECATED_OBJC_IMPLEMENTATIONS = YES;
				CLANG_WARN_DIRECT_OBJC_ISA_USAGE = YES_ERROR;
				CLANG_WARN_DOCUMENTATION_COMMENTS = YES;
				CLANG_WARN_EMPTY_BODY = YES;
				CLANG_WARN_ENUM_CONVERSION = YES;
				CLANG_WARN_INFINITE_RECURSION = YES;
				CLANG_WARN_INT_CONVERSION = YES;
				CLANG_WARN_NON_LITERAL_NULL_CONVERSION = YES;
				CLANG_WARN_OBJC_IMPLICIT_RETAIN_SELF = YES;
				CLANG_WARN_OBJC_LITERAL_CONVERSION = YES;
				CLANG_WARN_OBJC_ROOT_CLASS = YES_ERROR;
				CLANG_WARN_RANGE_LOOP_ANALYSIS = YES;
				CLANG_WARN_STRICT_PROTOTYPES = YES;
				CLANG_WARN_SUSPICIOUS_MOVE = YES;
				CLANG_WARN_UNGUARDED_AVAILABILITY = YES_AGGRESSIVE;
				CLANG_WARN_UNREACHABLE_CODE = YES;
				CLANG_WARN__DUPLICATE_METHOD_MATCH = YES;
				CODE_SIGN_IDENTITY = "iPhone Developer";
				COPY_PHASE_STRIP = NO;
				DEBUG_INFORMATION_FORMAT = "dwarf-with-dsym";
				ENABLE_NS_ASSERTIONS = NO;
				ENABLE_STRICT_OBJC_MSGSEND = YES;
				GCC_C_LANGUAGE_STANDARD = gnu11;
				GCC_NO_COMMON_BLOCKS = YES;
				GCC_WARN_64_TO_32_BIT_CONVERSION = YES;
				GCC_WARN_ABOUT_RETURN_TYPE = YES_ERROR;
				GCC_WARN_UNDECLARED_SELECTOR = YES;
				GCC_WARN_UNINITIALIZED_AUTOS = YES_AGGRESSIVE;
				GCC_WARN_UNUSED_FUNCTION = YES;
				GCC_WARN_UNUSED_VARIABLE = YES;
				IPHONEOS_DEPLOYMENT_TARGET = 12.1;
				MTL_ENABLE_DEBUG_INFO = NO;
				MTL_FAST_MATH = YES;
				SDKROOT = iphoneos;
				VALIDATE_PRODUCT = YES;
			};
			name = Release;
		};
		702495D8228CFEB000BA01E0 /* Debug */ = {
			isa = XCBuildConfiguration;
			buildSettings = {
				ASSETCATALOG_COMPILER_APPICON_NAME = AppIcon;
				CODE_SIGN_STYLE = Manual;
				DEVELOPMENT_TEAM = "";
				GCC_PRECOMPILE_PREFIX_HEADER = YES;
				GCC_PREFIX_HEADER = HRCommonTool/PrefixHeader.pch;
				INFOPLIST_FILE = HRCommonTool/Info.plist;
				LD_RUNPATH_SEARCH_PATHS = (
					"$(inherited)",
					"@executable_path/Frameworks",
				);
				PRODUCT_BUNDLE_IDENTIFIER = CC.HRCommonTool;
				PRODUCT_NAME = "$(TARGET_NAME)";
				PROVISIONING_PROFILE_SPECIFIER = "";
				TARGETED_DEVICE_FAMILY = "1,2";
			};
			name = Debug;
		};
		702495D9228CFEB000BA01E0 /* Release */ = {
			isa = XCBuildConfiguration;
			buildSettings = {
				ASSETCATALOG_COMPILER_APPICON_NAME = AppIcon;
				CODE_SIGN_STYLE = Manual;
				DEVELOPMENT_TEAM = "";
				GCC_PRECOMPILE_PREFIX_HEADER = YES;
				GCC_PREFIX_HEADER = HRCommonTool/PrefixHeader.pch;
				INFOPLIST_FILE = HRCommonTool/Info.plist;
				LD_RUNPATH_SEARCH_PATHS = (
					"$(inherited)",
					"@executable_path/Frameworks",
				);
				PRODUCT_BUNDLE_IDENTIFIER = CC.HRCommonTool;
				PRODUCT_NAME = "$(TARGET_NAME)";
				PROVISIONING_PROFILE_SPECIFIER = "";
				TARGETED_DEVICE_FAMILY = "1,2";
			};
			name = Release;
		};
		702495DB228CFEB000BA01E0 /* Debug */ = {
			isa = XCBuildConfiguration;
			buildSettings = {
				BUNDLE_LOADER = "$(TEST_HOST)";
				CODE_SIGN_STYLE = Automatic;
				DEVELOPMENT_TEAM = B8WLF255VX;
				INFOPLIST_FILE = HRCommonToolTests/Info.plist;
				LD_RUNPATH_SEARCH_PATHS = (
					"$(inherited)",
					"@executable_path/Frameworks",
					"@loader_path/Frameworks",
				);
				PRODUCT_BUNDLE_IDENTIFIER = CC.HRCommonToolTests;
				PRODUCT_NAME = "$(TARGET_NAME)";
				TARGETED_DEVICE_FAMILY = "1,2";
				TEST_HOST = "$(BUILT_PRODUCTS_DIR)/HRCommonTool.app/HRCommonTool";
			};
			name = Debug;
		};
		702495DC228CFEB000BA01E0 /* Release */ = {
			isa = XCBuildConfiguration;
			buildSettings = {
				BUNDLE_LOADER = "$(TEST_HOST)";
				CODE_SIGN_STYLE = Automatic;
				DEVELOPMENT_TEAM = B8WLF255VX;
				INFOPLIST_FILE = HRCommonToolTests/Info.plist;
				LD_RUNPATH_SEARCH_PATHS = (
					"$(inherited)",
					"@executable_path/Frameworks",
					"@loader_path/Frameworks",
				);
				PRODUCT_BUNDLE_IDENTIFIER = CC.HRCommonToolTests;
				PRODUCT_NAME = "$(TARGET_NAME)";
				TARGETED_DEVICE_FAMILY = "1,2";
				TEST_HOST = "$(BUILT_PRODUCTS_DIR)/HRCommonTool.app/HRCommonTool";
			};
			name = Release;
		};
		702495DE228CFEB000BA01E0 /* Debug */ = {
			isa = XCBuildConfiguration;
			buildSettings = {
				CODE_SIGN_STYLE = Automatic;
				DEVELOPMENT_TEAM = B8WLF255VX;
				INFOPLIST_FILE = HRCommonToolUITests/Info.plist;
				LD_RUNPATH_SEARCH_PATHS = (
					"$(inherited)",
					"@executable_path/Frameworks",
					"@loader_path/Frameworks",
				);
				PRODUCT_BUNDLE_IDENTIFIER = CC.HRCommonToolUITests;
				PRODUCT_NAME = "$(TARGET_NAME)";
				TARGETED_DEVICE_FAMILY = "1,2";
				TEST_TARGET_NAME = HRCommonTool;
			};
			name = Debug;
		};
		702495DF228CFEB000BA01E0 /* Release */ = {
			isa = XCBuildConfiguration;
			buildSettings = {
				CODE_SIGN_STYLE = Automatic;
				DEVELOPMENT_TEAM = B8WLF255VX;
				INFOPLIST_FILE = HRCommonToolUITests/Info.plist;
				LD_RUNPATH_SEARCH_PATHS = (
					"$(inherited)",
					"@executable_path/Frameworks",
					"@loader_path/Frameworks",
				);
				PRODUCT_BUNDLE_IDENTIFIER = CC.HRCommonToolUITests;
				PRODUCT_NAME = "$(TARGET_NAME)";
				TARGETED_DEVICE_FAMILY = "1,2";
				TEST_TARGET_NAME = HRCommonTool;
			};
			name = Release;
		};
/* End XCBuildConfiguration section */

/* Begin XCConfigurationList section */
		702495A6228CFEAE00BA01E0 /* Build configuration list for PBXProject "HRCommonTool" */ = {
			isa = XCConfigurationList;
			buildConfigurations = (
				702495D5228CFEB000BA01E0 /* Debug */,
				702495D6228CFEB000BA01E0 /* Release */,
			);
			defaultConfigurationIsVisible = 0;
			defaultConfigurationName = Release;
		};
		702495D7228CFEB000BA01E0 /* Build configuration list for PBXNativeTarget "HRCommonTool" */ = {
			isa = XCConfigurationList;
			buildConfigurations = (
				702495D8228CFEB000BA01E0 /* Debug */,
				702495D9228CFEB000BA01E0 /* Release */,
			);
			defaultConfigurationIsVisible = 0;
			defaultConfigurationName = Release;
		};
		702495DA228CFEB000BA01E0 /* Build configuration list for PBXNativeTarget "HRCommonToolTests" */ = {
			isa = XCConfigurationList;
			buildConfigurations = (
				702495DB228CFEB000BA01E0 /* Debug */,
				702495DC228CFEB000BA01E0 /* Release */,
			);
			defaultConfigurationIsVisible = 0;
			defaultConfigurationName = Release;
		};
		702495DD228CFEB000BA01E0 /* Build configuration list for PBXNativeTarget "HRCommonToolUITests" */ = {
			isa = XCConfigurationList;
			buildConfigurations = (
				702495DE228CFEB000BA01E0 /* Debug */,
				702495DF228CFEB000BA01E0 /* Release */,
			);
			defaultConfigurationIsVisible = 0;
			defaultConfigurationName = Release;
		};
/* End XCConfigurationList section */
	};
	rootObject = 702495A3228CFEAE00BA01E0 /* Project object */;
}
