// !$*UTF8*$!
{
	archiveVersion = 1;
	classes = {
	};
	objectVersion = 51;
	objects = {

/* Begin PBXBuildFile section */
		702495B0228CFEAE00BA01E0 /* AppDelegate.m in Sources */ = {isa = PBXBuildFile; fileRef = 702495AF228CFEAE00BA01E0 /* AppDelegate.m */; };
		702495B3228CFEAE00BA01E0 /* ViewController.m in Sources */ = {isa = PBXBuildFile; fileRef = 702495B2228CFEAE00BA01E0 /* ViewController.m */; };
		702495B8228CFEB000BA01E0 /* Assets.xcassets in Resources */ = {isa = PBXBuildFile; fileRef = 702495B7228CFEB000BA01E0 /* Assets.xcassets */; };
		702495BB228CFEB000BA01E0 /* LaunchScreen.storyboard in Resources */ = {isa = PBXBuildFile; fileRef = 702495B9228CFEB000BA01E0 /* LaunchScreen.storyboard */; };
		702495BE228CFEB000BA01E0 /* main.m in Sources */ = {isa = PBXBuildFile; fileRef = 702495BD228CFEB000BA01E0 /* main.m */; };
		702495C8228CFEB000BA01E0 /* HRCommonToolTests.m in Sources */ = {isa = PBXBuildFile; fileRef = 702495C7228CFEB000BA01E0 /* HRCommonToolTests.m */; };
		702495D3228CFEB000BA01E0 /* HRCommonToolUITests.m in Sources */ = {isa = PBXBuildFile; fileRef = 702495D2228CFEB000BA01E0 /* HRCommonToolUITests.m */; };
		70249600228CFF7900BA01E0 /* UIColor+ChangeColor.m in Sources */ = {isa = PBXBuildFile; fileRef = 702495ED228CFF7900BA01E0 /* UIColor+ChangeColor.m */; };
		70249602228CFF7900BA01E0 /* UIButton+Button.m in Sources */ = {isa = PBXBuildFile; fileRef = 702495F3228CFF7900BA01E0 /* UIButton+Button.m */; };
		70249603228CFF7900BA01E0 /* WHSNavItemView.m in Sources */ = {isa = PBXBuildFile; fileRef = 702495F7228CFF7900BA01E0 /* WHSNavItemView.m */; };
		70249604228CFF7900BA01E0 /* UIViewController+AlertViewAndActionSheet.m in Sources */ = {isa = PBXBuildFile; fileRef = 702495F8228CFF7900BA01E0 /* UIViewController+AlertViewAndActionSheet.m */; };
		70249605228CFF7900BA01E0 /* UIImage+Extense.m in Sources */ = {isa = PBXBuildFile; fileRef = 702495F9228CFF7900BA01E0 /* UIImage+Extense.m */; };
		70249606228CFF7900BA01E0 /* UILabel+Extend.m in Sources */ = {isa = PBXBuildFile; fileRef = 702495FA228CFF7900BA01E0 /* UILabel+Extend.m */; };
		70249607228CFF7900BA01E0 /* UIView+Extension.m in Sources */ = {isa = PBXBuildFile; fileRef = 702495FC228CFF7900BA01E0 /* UIView+Extension.m */; };
		70249608228CFF7900BA01E0 /* UINavigationBar+handle.m in Sources */ = {isa = PBXBuildFile; fileRef = 702495FD228CFF7900BA01E0 /* UINavigationBar+handle.m */; };
		70249609228CFF7900BA01E0 /* UIView+Radius.m in Sources */ = {isa = PBXBuildFile; fileRef = 702495FE228CFF7900BA01E0 /* UIView+Radius.m */; };
		70249645228CFFA900BA01E0 /* UIView+directionBorder.m in Sources */ = {isa = PBXBuildFile; fileRef = 70249610228CFFA900BA01E0 /* UIView+directionBorder.m */; };
		70249646228CFFA900BA01E0 /* PGIndexBannerSubiew.m in Sources */ = {isa = PBXBuildFile; fileRef = 70249612228CFFA900BA01E0 /* PGIndexBannerSubiew.m */; };
		70249647228CFFA900BA01E0 /* NewPagedFlowView.m in Sources */ = {isa = PBXBuildFile; fileRef = 70249613228CFFA900BA01E0 /* NewPagedFlowView.m */; };
		70249648228CFFA900BA01E0 /* WHSAlertView.m in Sources */ = {isa = PBXBuildFile; fileRef = 70249616228CFFA900BA01E0 /* WHSAlertView.m */; };
		70249649228CFFA900BA01E0 /* WHSBaseNavigationController.m in Sources */ = {isa = PBXBuildFile; fileRef = 70249617228CFFA900BA01E0 /* WHSBaseNavigationController.m */; };
		7024964A228CFFA900BA01E0 /* HRQRViewController.m in Sources */ = {isa = PBXBuildFile; fileRef = 7024961A228CFFA900BA01E0 /* HRQRViewController.m */; };
		7024964B228CFFA900BA01E0 /* SZImageView.m in Sources */ = {isa = PBXBuildFile; fileRef = 7024961B228CFFA900BA01E0 /* SZImageView.m */; };
		7024964C228CFFA900BA01E0 /* HMScannerBorder.m in Sources */ = {isa = PBXBuildFile; fileRef = 70249620228CFFA900BA01E0 /* HMScannerBorder.m */; };
		7024964D228CFFA900BA01E0 /* HMScannerMaskView.m in Sources */ = {isa = PBXBuildFile; fileRef = 70249622228CFFA900BA01E0 /* HMScannerMaskView.m */; };
		7024964E228CFFA900BA01E0 /* HMScannerViewController.m in Sources */ = {isa = PBXBuildFile; fileRef = 70249624228CFFA900BA01E0 /* HMScannerViewController.m */; };
		7024964F228CFFA900BA01E0 /* HMScanner.m in Sources */ = {isa = PBXBuildFile; fileRef = 70249625228CFFA900BA01E0 /* HMScanner.m */; };
		70249650228CFFA900BA01E0 /* HMScanner.bundle in Resources */ = {isa = PBXBuildFile; fileRef = 70249626228CFFA900BA01E0 /* HMScanner.bundle */; };
		70249651228CFFA900BA01E0 /* HMScanerCardViewController.m in Sources */ = {isa = PBXBuildFile; fileRef = 70249627228CFFA900BA01E0 /* HMScanerCardViewController.m */; };
		70249652228CFFA900BA01E0 /* HMScannerController.m in Sources */ = {isa = PBXBuildFile; fileRef = 70249629228CFFA900BA01E0 /* HMScannerController.m */; };
		70249653228CFFA900BA01E0 /* WHSPhotoImageView.m in Sources */ = {isa = PBXBuildFile; fileRef = 7024962D228CFFA900BA01E0 /* WHSPhotoImageView.m */; };
		70249654228CFFA900BA01E0 /* DBCommonString.m in Sources */ = {isa = PBXBuildFile; fileRef = 7024962E228CFFA900BA01E0 /* DBCommonString.m */; };
		70249655228CFFA900BA01E0 /* NSUtil.m in Sources */ = {isa = PBXBuildFile; fileRef = 70249633228CFFA900BA01E0 /* NSUtil.m */; };
		70249656228CFFA900BA01E0 /* DBModelManager.m in Sources */ = {isa = PBXBuildFile; fileRef = 70249634228CFFA900BA01E0 /* DBModelManager.m */; };
		70249657228CFFA900BA01E0 /* DBUserInfoModel.m in Sources */ = {isa = PBXBuildFile; fileRef = 70249635228CFFA900BA01E0 /* DBUserInfoModel.m */; };
		70249658228CFFA900BA01E0 /* KeyChainStore.m in Sources */ = {isa = PBXBuildFile; fileRef = 70249636228CFFA900BA01E0 /* KeyChainStore.m */; };
		70249659228CFFA900BA01E0 /* HRCreatQRView.m in Sources */ = {isa = PBXBuildFile; fileRef = 70249639228CFFA900BA01E0 /* HRCreatQRView.m */; };
		7024965A228CFFA900BA01E0 /* BRBaseView.m in Sources */ = {isa = PBXBuildFile; fileRef = 7024963A228CFFA900BA01E0 /* BRBaseView.m */; };
		7024965B228CFFA900BA01E0 /* BRStringPickerView.m in Sources */ = {isa = PBXBuildFile; fileRef = 7024963D228CFFA900BA01E0 /* BRStringPickerView.m */; };
		7024965C228CFFA900BA01E0 /* DBTipView.m in Sources */ = {isa = PBXBuildFile; fileRef = 70249640228CFFA900BA01E0 /* DBTipView.m */; };
		CE1C1E0723A1DDE500D4222F /* HRBaseViewController.m in Sources */ = {isa = PBXBuildFile; fileRef = CE1C1E0523A1DDE300D4222F /* HRBaseViewController.m */; };
		CE1C1E0A23A1DE7F00D4222F /* UIViewController+Extend.m in Sources */ = {isa = PBXBuildFile; fileRef = CE1C1E0923A1DE7E00D4222F /* UIViewController+Extend.m */; };
		CE1C1E1423A218A400D4222F /* HRBaseDataModel.m in Sources */ = {isa = PBXBuildFile; fileRef = CE1C1E1323A218A400D4222F /* HRBaseDataModel.m */; };
		CE1C1E1723A218DF00D4222F /* HRBaseModel.m in Sources */ = {isa = PBXBuildFile; fileRef = CE1C1E1623A218DF00D4222F /* HRBaseModel.m */; };
		CE1C1E1A23A218FC00D4222F /* HRBaseSimpleCell.m in Sources */ = {isa = PBXBuildFile; fileRef = CE1C1E1923A218FC00D4222F /* HRBaseSimpleCell.m */; };
		CE1C1E1E23A219C400D4222F /* UITableView+CellIdentifiers.m in Sources */ = {isa = PBXBuildFile; fileRef = CE1C1E1D23A219C400D4222F /* UITableView+CellIdentifiers.m */; };
		CE5CCC742394A9470030269D /* XLVideoPlayer.m in Sources */ = {isa = PBXBuildFile; fileRef = CE5CCC6E2394A9470030269D /* XLVideoPlayer.m */; };
		CE5CCC752394A9470030269D /* XLSlider.m in Sources */ = {isa = PBXBuildFile; fileRef = CE5CCC712394A9470030269D /* XLSlider.m */; };
		CE5CCC762394A9470030269D /* ImageResources.bundle in Resources */ = {isa = PBXBuildFile; fileRef = CE5CCC722394A9470030269D /* ImageResources.bundle */; };
		CE5CCC792394A9BC0030269D /* HRVideoPlayerViewController.m in Sources */ = {isa = PBXBuildFile; fileRef = CE5CCC782394A9BC0030269D /* HRVideoPlayerViewController.m */; };
		CE8081E6239E327000DF64EE /* BMKShowMapPage.m in Sources */ = {isa = PBXBuildFile; fileRef = CE8081E5239E327000DF64EE /* BMKShowMapPage.m */; };
		CE8081E8239E32E500DF64EE /* BMKLocationKit.framework in Frameworks */ = {isa = PBXBuildFile; fileRef = CE8081E7239E32E500DF64EE /* BMKLocationKit.framework */; };
		CE8081FA239E39F400DF64EE /* HCDecimalNumberTool.m in Sources */ = {isa = PBXBuildFile; fileRef = CE8081EB239E39F300DF64EE /* HCDecimalNumberTool.m */; };
		CE8081FB239E39F400DF64EE /* MBProgressHUD+Add.m in Sources */ = {isa = PBXBuildFile; fileRef = CE8081EE239E39F300DF64EE /* MBProgressHUD+Add.m */; };
		CE8081FC239E39F400DF64EE /* MBProgressHUD+NJ.m in Sources */ = {isa = PBXBuildFile; fileRef = CE8081EF239E39F300DF64EE /* MBProgressHUD+NJ.m */; };
		CE8081FD239E39F400DF64EE /* HBRouter.plist in Resources */ = {isa = PBXBuildFile; fileRef = CE8081F5239E39F400DF64EE /* HBRouter.plist */; };
		CE8081FE239E39F400DF64EE /* UIResponder+HBRouter.m in Sources */ = {isa = PBXBuildFile; fileRef = CE8081F7239E39F400DF64EE /* UIResponder+HBRouter.m */; };
		CE8081FF239E39F400DF64EE /* HBRouter.m in Sources */ = {isa = PBXBuildFile; fileRef = CE8081F8239E39F400DF64EE /* HBRouter.m */; };
		CE808200239E39F400DF64EE /* HCRouter.m in Sources */ = {isa = PBXBuildFile; fileRef = CE8081F9239E39F400DF64EE /* HCRouter.m */; };
		CE808203239E3A1B00DF64EE /* HRNetworkTool.m in Sources */ = {isa = PBXBuildFile; fileRef = CE808201239E3A1A00DF64EE /* HRNetworkTool.m */; };
		CE808207239E3CAB00DF64EE /* HRBaseDemoController.m in Sources */ = {isa = PBXBuildFile; fileRef = CE808206239E3CAB00DF64EE /* HRBaseDemoController.m */; };
		CE80820B239E3E7000DF64EE /* HRNavigationViewController.m in Sources */ = {isa = PBXBuildFile; fileRef = CE80820A239E3E7000DF64EE /* HRNavigationViewController.m */; };
		CE8264E2239A3415008A533C /* HRFunctionViewController.m in Sources */ = {isa = PBXBuildFile; fileRef = CE8264E1239A3415008A533C /* HRFunctionViewController.m */; };
		CE8264E5239A3937008A533C /* HRTopRotateView.m in Sources */ = {isa = PBXBuildFile; fileRef = CE8264E3239A3937008A533C /* HRTopRotateView.m */; };
		CE8264E8239A4976008A533C /* HRFunctionItemView.m in Sources */ = {isa = PBXBuildFile; fileRef = CE8264E7239A4976008A533C /* HRFunctionItemView.m */; };
		CE8264EB239A4C53008A533C /* HREmergencySimpleView.m in Sources */ = {isa = PBXBuildFile; fileRef = CE8264EA239A4C53008A533C /* HREmergencySimpleView.m */; };
		CE8264EE239A4C82008A533C /* HRSecuritySimpleView.m in Sources */ = {isa = PBXBuildFile; fileRef = CE8264ED239A4C82008A533C /* HRSecuritySimpleView.m */; };
		CE8264F1239A52DC008A533C /* HRFunctionSimpleViewCell.m in Sources */ = {isa = PBXBuildFile; fileRef = CE8264F0239A52DC008A533C /* HRFunctionSimpleViewCell.m */; };
		CE87A21922F44018008FC6FF /* YZXPieGraphView.m in Sources */ = {isa = PBXBuildFile; fileRef = CE87A21822F44018008FC6FF /* YZXPieGraphView.m */; };
		CEAC99BE22F01FC3003DBFE3 /* HRCommonUtils.m in Sources */ = {isa = PBXBuildFile; fileRef = CEAC99BD22F01FC3003DBFE3 /* HRCommonUtils.m */; };
		CEAC99C122F0211E003DBFE3 /* HRCommonUtils.m in Sources */ = {isa = PBXBuildFile; fileRef = CEAC99BF22F0211E003DBFE3 /* HRCommonUtils.m */; };
		CEAC99C822F047F6003DBFE3 /* HREntenseButton.m in Sources */ = {isa = PBXBuildFile; fileRef = CEAC99C622F047F5003DBFE3 /* HREntenseButton.m */; };
		CEBB8DA9234ED2DF00D3C079 /* big.mp4 in Resources */ = {isa = PBXBuildFile; fileRef = CEBB8DA8234ED2DE00D3C079 /* big.mp4 */; };
		CEBB8DAB234ED3D800D3C079 /* small.mp4 in Resources */ = {isa = PBXBuildFile; fileRef = CEBB8DAA234ED3D800D3C079 /* small.mp4 */; };
		CEBB8DEC234F193E00D3C079 /* 123.jpg in Resources */ = {isa = PBXBuildFile; fileRef = CEBB8DEB234F193E00D3C079 /* 123.jpg */; };
		CEC09AB8234C27AA008E2FCE /* HRProgressHub.m in Sources */ = {isa = PBXBuildFile; fileRef = CEC09AB7234C27AA008E2FCE /* HRProgressHub.m */; };
		CEC7404B23B98CC000B37191 /* HRCustomField.m in Sources */ = {isa = PBXBuildFile; fileRef = CEC7404723B98CBF00B37191 /* HRCustomField.m */; };
		CEC7404C23B98CC000B37191 /* HRTextField.m in Sources */ = {isa = PBXBuildFile; fileRef = CEC7404A23B98CC000B37191 /* HRTextField.m */; };
		CEC7404F23B9A8A500B37191 /* Utils.m in Sources */ = {isa = PBXBuildFile; fileRef = CEC7404D23B9A8A500B37191 /* Utils.m */; };
		CECE5D23236BE0B0005BC497 /* HRSimpleTypeView.m in Sources */ = {isa = PBXBuildFile; fileRef = CECE5D22236BE0B0005BC497 /* HRSimpleTypeView.m */; };
		CECF7CE4234DCCB000DA2A3B /* YHRepairRecordCenterView.m in Sources */ = {isa = PBXBuildFile; fileRef = CECF7CE3234DCCB000DA2A3B /* YHRepairRecordCenterView.m */; };
		CECF7CE6234DCCBD00DA2A3B /* YHRepairRecordCenterView.xib in Resources */ = {isa = PBXBuildFile; fileRef = CECF7CE5234DCCBD00DA2A3B /* YHRepairRecordCenterView.xib */; };
		CECF7CE9234DDC5D00DA2A3B /* YHRepairRecordSubInfoView.m in Sources */ = {isa = PBXBuildFile; fileRef = CECF7CE8234DDC5D00DA2A3B /* YHRepairRecordSubInfoView.m */; };
		CECF7CEB234DDC6D00DA2A3B /* YHRepairRecordSubInfoView.xib in Resources */ = {isa = PBXBuildFile; fileRef = CECF7CEA234DDC6D00DA2A3B /* YHRepairRecordSubInfoView.xib */; };
		CEE22A9C239F8052006D256B /* HRChart.m in Sources */ = {isa = PBXBuildFile; fileRef = CEE22A92239F8052006D256B /* HRChart.m */; };
		CEE22A9D239F8052006D256B /* HRPieItemsView.m in Sources */ = {isa = PBXBuildFile; fileRef = CEE22A94239F8052006D256B /* HRPieItemsView.m */; };
		CEE22A9E239F8052006D256B /* HRShowInfoView.m in Sources */ = {isa = PBXBuildFile; fileRef = CEE22A96239F8052006D256B /* HRShowInfoView.m */; };
		CEE22A9F239F8052006D256B /* HRPieChartView.m in Sources */ = {isa = PBXBuildFile; fileRef = CEE22A98239F8052006D256B /* HRPieChartView.m */; };
		CEE22AA0239F8052006D256B /* HRPieForeBGView.m in Sources */ = {isa = PBXBuildFile; fileRef = CEE22A9B239F8052006D256B /* HRPieForeBGView.m */; };
		CEE22AA223A09B38006D256B /* lottie.js in Resources */ = {isa = PBXBuildFile; fileRef = CEE22AA123A09B38006D256B /* lottie.js */; };
		CEE22AA623A0BBB8006D256B /* YHMyViewController.m in Sources */ = {isa = PBXBuildFile; fileRef = CEE22AA523A0BBB8006D256B /* YHMyViewController.m */; };
		CEE22AAD23A0BF21006D256B /* YHMySimpleCell.m in Sources */ = {isa = PBXBuildFile; fileRef = CEE22AAC23A0BF21006D256B /* YHMySimpleCell.m */; };
		CEE22AB023A0BF33006D256B /* YHMySimpleModel.m in Sources */ = {isa = PBXBuildFile; fileRef = CEE22AAF23A0BF33006D256B /* YHMySimpleModel.m */; };
		CEE22AB323A0DE68006D256B /* YHSimpleDemoViewController.m in Sources */ = {isa = PBXBuildFile; fileRef = CEE22AB223A0DE68006D256B /* YHSimpleDemoViewController.m */; };
		CEFADD7723A3229E00ECE114 /* HRMJExtensionController.m in Sources */ = {isa = PBXBuildFile; fileRef = CEFADD7623A3229E00ECE114 /* HRMJExtensionController.m */; };
		CEFADD7A23A322B700ECE114 /* HRExtensionModel.m in Sources */ = {isa = PBXBuildFile; fileRef = CEFADD7923A322B700ECE114 /* HRExtensionModel.m */; };
		CEFADD7E23A35FC900ECE114 /* HRDemo1Controller.m in Sources */ = {isa = PBXBuildFile; fileRef = CEFADD7D23A35FC900ECE114 /* HRDemo1Controller.m */; };
		E9D086660FC8B08648B713DF /* libPods-HRCommonTool.a in Frameworks */ = {isa = PBXBuildFile; fileRef = 0BB0BAAA92354811311BCD02 /* libPods-HRCommonTool.a */; };
/* End PBXBuildFile section */

/* Begin PBXContainerItemProxy section */
		702495C4228CFEB000BA01E0 /* PBXContainerItemProxy */ = {
			isa = PBXContainerItemProxy;
			containerPortal = 702495A3228CFEAE00BA01E0 /* Project object */;
			proxyType = 1;
			remoteGlobalIDString = 702495AA228CFEAE00BA01E0;
			remoteInfo = HRCommonTool;
		};
		702495CF228CFEB000BA01E0 /* PBXContainerItemProxy */ = {
			isa = PBXContainerItemProxy;
			containerPortal = 702495A3228CFEAE00BA01E0 /* Project object */;
			proxyType = 1;
			remoteGlobalIDString = 702495AA228CFEAE00BA01E0;
			remoteInfo = HRCommonTool;
		};
/* End PBXContainerItemProxy section */

/* Begin PBXFileReference section */
		0BB0BAAA92354811311BCD02 /* libPods-HRCommonTool.a */ = {isa = PBXFileReference; explicitFileType = archive.ar; includeInIndex = 0; path = "libPods-HRCommonTool.a"; sourceTree = BUILT_PRODUCTS_DIR; };
		702495AB228CFEAE00BA01E0 /* HRCommonTool.app */ = {isa = PBXFileReference; explicitFileType = wrapper.application; includeInIndex = 0; path = HRCommonTool.app; sourceTree = BUILT_PRODUCTS_DIR; };
		702495AE228CFEAE00BA01E0 /* AppDelegate.h */ = {isa = PBXFileReference; lastKnownFileType = sourcecode.c.h; path = AppDelegate.h; sourceTree = "<group>"; };
		702495AF228CFEAE00BA01E0 /* AppDelegate.m */ = {isa = PBXFileReference; lastKnownFileType = sourcecode.c.objc; path = AppDelegate.m; sourceTree = "<group>"; };
		702495B1228CFEAE00BA01E0 /* ViewController.h */ = {isa = PBXFileReference; lastKnownFileType = sourcecode.c.h; path = ViewController.h; sourceTree = "<group>"; };
		702495B2228CFEAE00BA01E0 /* ViewController.m */ = {isa = PBXFileReference; lastKnownFileType = sourcecode.c.objc; path = ViewController.m; sourceTree = "<group>"; };
		702495B7228CFEB000BA01E0 /* Assets.xcassets */ = {isa = PBXFileReference; lastKnownFileType = folder.assetcatalog; path = Assets.xcassets; sourceTree = "<group>"; };
		702495BA228CFEB000BA01E0 /* Base */ = {isa = PBXFileReference; lastKnownFileType = file.storyboard; name = Base; path = Base.lproj/LaunchScreen.storyboard; sourceTree = "<group>"; };
		702495BC228CFEB000BA01E0 /* Info.plist */ = {isa = PBXFileReference; lastKnownFileType = text.plist.xml; path = Info.plist; sourceTree = "<group>"; };
		702495BD228CFEB000BA01E0 /* main.m */ = {isa = PBXFileReference; lastKnownFileType = sourcecode.c.objc; path = main.m; sourceTree = "<group>"; };
		702495C3228CFEB000BA01E0 /* HRCommonToolTests.xctest */ = {isa = PBXFileReference; explicitFileType = wrapper.cfbundle; includeInIndex = 0; path = HRCommonToolTests.xctest; sourceTree = BUILT_PRODUCTS_DIR; };
		702495C7228CFEB000BA01E0 /* HRCommonToolTests.m */ = {isa = PBXFileReference; lastKnownFileType = sourcecode.c.objc; path = HRCommonToolTests.m; sourceTree = "<group>"; };
		702495C9228CFEB000BA01E0 /* Info.plist */ = {isa = PBXFileReference; lastKnownFileType = text.plist.xml; path = Info.plist; sourceTree = "<group>"; };
		702495CE228CFEB000BA01E0 /* HRCommonToolUITests.xctest */ = {isa = PBXFileReference; explicitFileType = wrapper.cfbundle; includeInIndex = 0; path = HRCommonToolUITests.xctest; sourceTree = BUILT_PRODUCTS_DIR; };
		702495D2228CFEB000BA01E0 /* HRCommonToolUITests.m */ = {isa = PBXFileReference; lastKnownFileType = sourcecode.c.objc; path = HRCommonToolUITests.m; sourceTree = "<group>"; };
		702495D4228CFEB000BA01E0 /* Info.plist */ = {isa = PBXFileReference; lastKnownFileType = text.plist.xml; path = Info.plist; sourceTree = "<group>"; };
		702495E0228CFEC500BA01E0 /* PrefixHeader.pch */ = {isa = PBXFileReference; lastKnownFileType = sourcecode.c.h; path = PrefixHeader.pch; sourceTree = "<group>"; };
		702495EC228CFF7900BA01E0 /* WHSNavItemView.h */ = {isa = PBXFileReference; fileEncoding = 4; lastKnownFileType = sourcecode.c.h; path = WHSNavItemView.h; sourceTree = "<group>"; };
		702495ED228CFF7900BA01E0 /* UIColor+ChangeColor.m */ = {isa = PBXFileReference; fileEncoding = 4; lastKnownFileType = sourcecode.c.objc; path = "UIColor+ChangeColor.m"; sourceTree = "<group>"; };
		702495EE228CFF7900BA01E0 /* UIImage+Extense.h */ = {isa = PBXFileReference; fileEncoding = 4; lastKnownFileType = sourcecode.c.h; path = "UIImage+Extense.h"; sourceTree = "<group>"; };
		702495EF228CFF7900BA01E0 /* UIViewController+AlertViewAndActionSheet.h */ = {isa = PBXFileReference; fileEncoding = 4; lastKnownFileType = sourcecode.c.h; path = "UIViewController+AlertViewAndActionSheet.h"; sourceTree = "<group>"; };
		702495F0228CFF7900BA01E0 /* UIView+Extension.h */ = {isa = PBXFileReference; fileEncoding = 4; lastKnownFileType = sourcecode.c.h; path = "UIView+Extension.h"; sourceTree = "<group>"; };
		702495F2228CFF7900BA01E0 /* UILabel+Extend.h */ = {isa = PBXFileReference; fileEncoding = 4; lastKnownFileType = sourcecode.c.h; path = "UILabel+Extend.h"; sourceTree = "<group>"; };
		702495F3228CFF7900BA01E0 /* UIButton+Button.m */ = {isa = PBXFileReference; fileEncoding = 4; lastKnownFileType = sourcecode.c.objc; path = "UIButton+Button.m"; sourceTree = "<group>"; };
		702495F4228CFF7900BA01E0 /* UIView+Radius.h */ = {isa = PBXFileReference; fileEncoding = 4; lastKnownFileType = sourcecode.c.h; path = "UIView+Radius.h"; sourceTree = "<group>"; };
		702495F5228CFF7900BA01E0 /* UINavigationBar+handle.h */ = {isa = PBXFileReference; fileEncoding = 4; lastKnownFileType = sourcecode.c.h; path = "UINavigationBar+handle.h"; sourceTree = "<group>"; };
		702495F6228CFF7900BA01E0 /* UIColor+ChangeColor.h */ = {isa = PBXFileReference; fileEncoding = 4; lastKnownFileType = sourcecode.c.h; path = "UIColor+ChangeColor.h"; sourceTree = "<group>"; };
		702495F7228CFF7900BA01E0 /* WHSNavItemView.m */ = {isa = PBXFileReference; fileEncoding = 4; lastKnownFileType = sourcecode.c.objc; path = WHSNavItemView.m; sourceTree = "<group>"; };
		702495F8228CFF7900BA01E0 /* UIViewController+AlertViewAndActionSheet.m */ = {isa = PBXFileReference; fileEncoding = 4; lastKnownFileType = sourcecode.c.objc; path = "UIViewController+AlertViewAndActionSheet.m"; sourceTree = "<group>"; };
		702495F9228CFF7900BA01E0 /* UIImage+Extense.m */ = {isa = PBXFileReference; fileEncoding = 4; lastKnownFileType = sourcecode.c.objc; path = "UIImage+Extense.m"; sourceTree = "<group>"; };
		702495FA228CFF7900BA01E0 /* UILabel+Extend.m */ = {isa = PBXFileReference; fileEncoding = 4; lastKnownFileType = sourcecode.c.objc; path = "UILabel+Extend.m"; sourceTree = "<group>"; };
		702495FC228CFF7900BA01E0 /* UIView+Extension.m */ = {isa = PBXFileReference; fileEncoding = 4; lastKnownFileType = sourcecode.c.objc; path = "UIView+Extension.m"; sourceTree = "<group>"; };
		702495FD228CFF7900BA01E0 /* UINavigationBar+handle.m */ = {isa = PBXFileReference; fileEncoding = 4; lastKnownFileType = sourcecode.c.objc; path = "UINavigationBar+handle.m"; sourceTree = "<group>"; };
		702495FE228CFF7900BA01E0 /* UIView+Radius.m */ = {isa = PBXFileReference; fileEncoding = 4; lastKnownFileType = sourcecode.c.objc; path = "UIView+Radius.m"; sourceTree = "<group>"; };
		702495FF228CFF7900BA01E0 /* UIButton+Button.h */ = {isa = PBXFileReference; fileEncoding = 4; lastKnownFileType = sourcecode.c.h; path = "UIButton+Button.h"; sourceTree = "<group>"; };
		70249610228CFFA900BA01E0 /* UIView+directionBorder.m */ = {isa = PBXFileReference; fileEncoding = 4; lastKnownFileType = sourcecode.c.objc; path = "UIView+directionBorder.m"; sourceTree = "<group>"; };
		70249612228CFFA900BA01E0 /* PGIndexBannerSubiew.m */ = {isa = PBXFileReference; fileEncoding = 4; lastKnownFileType = sourcecode.c.objc; path = PGIndexBannerSubiew.m; sourceTree = "<group>"; };
		70249613228CFFA900BA01E0 /* NewPagedFlowView.m */ = {isa = PBXFileReference; fileEncoding = 4; lastKnownFileType = sourcecode.c.objc; path = NewPagedFlowView.m; sourceTree = "<group>"; };
		70249614228CFFA900BA01E0 /* PGIndexBannerSubiew.h */ = {isa = PBXFileReference; fileEncoding = 4; lastKnownFileType = sourcecode.c.h; path = PGIndexBannerSubiew.h; sourceTree = "<group>"; };
		70249615228CFFA900BA01E0 /* NewPagedFlowView.h */ = {isa = PBXFileReference; fileEncoding = 4; lastKnownFileType = sourcecode.c.h; path = NewPagedFlowView.h; sourceTree = "<group>"; };
		70249616228CFFA900BA01E0 /* WHSAlertView.m */ = {isa = PBXFileReference; fileEncoding = 4; lastKnownFileType = sourcecode.c.objc; path = WHSAlertView.m; sourceTree = "<group>"; };
		70249617228CFFA900BA01E0 /* WHSBaseNavigationController.m */ = {isa = PBXFileReference; fileEncoding = 4; lastKnownFileType = sourcecode.c.objc; path = WHSBaseNavigationController.m; sourceTree = "<group>"; };
		70249618228CFFA900BA01E0 /* BRStringPickerView.h */ = {isa = PBXFileReference; fileEncoding = 4; lastKnownFileType = sourcecode.c.h; path = BRStringPickerView.h; sourceTree = "<group>"; };
		7024961A228CFFA900BA01E0 /* HRQRViewController.m */ = {isa = PBXFileReference; fileEncoding = 4; lastKnownFileType = sourcecode.c.objc; path = HRQRViewController.m; sourceTree = "<group>"; };
		7024961B228CFFA900BA01E0 /* SZImageView.m */ = {isa = PBXFileReference; fileEncoding = 4; lastKnownFileType = sourcecode.c.objc; path = SZImageView.m; sourceTree = "<group>"; };
		7024961C228CFFA900BA01E0 /* DBCommonString.h */ = {isa = PBXFileReference; fileEncoding = 4; lastKnownFileType = sourcecode.c.h; path = DBCommonString.h; sourceTree = "<group>"; };
		7024961D228CFFA900BA01E0 /* WHSPhotoImageView.h */ = {isa = PBXFileReference; fileEncoding = 4; lastKnownFileType = sourcecode.c.h; path = WHSPhotoImageView.h; sourceTree = "<group>"; };
		7024961F228CFFA900BA01E0 /* HMScanner.h */ = {isa = PBXFileReference; fileEncoding = 4; lastKnownFileType = sourcecode.c.h; path = HMScanner.h; sourceTree = "<group>"; };
		70249620228CFFA900BA01E0 /* HMScannerBorder.m */ = {isa = PBXFileReference; fileEncoding = 4; lastKnownFileType = sourcecode.c.objc; path = HMScannerBorder.m; sourceTree = "<group>"; };
		70249621228CFFA900BA01E0 /* HMScannerController.h */ = {isa = PBXFileReference; fileEncoding = 4; lastKnownFileType = sourcecode.c.h; path = HMScannerController.h; sourceTree = "<group>"; };
		70249622228CFFA900BA01E0 /* HMScannerMaskView.m */ = {isa = PBXFileReference; fileEncoding = 4; lastKnownFileType = sourcecode.c.objc; path = HMScannerMaskView.m; sourceTree = "<group>"; };
		70249623228CFFA900BA01E0 /* HMScanerCardViewController.h */ = {isa = PBXFileReference; fileEncoding = 4; lastKnownFileType = sourcecode.c.h; path = HMScanerCardViewController.h; sourceTree = "<group>"; };
		70249624228CFFA900BA01E0 /* HMScannerViewController.m */ = {isa = PBXFileReference; fileEncoding = 4; lastKnownFileType = sourcecode.c.objc; path = HMScannerViewController.m; sourceTree = "<group>"; };
		70249625228CFFA900BA01E0 /* HMScanner.m */ = {isa = PBXFileReference; fileEncoding = 4; lastKnownFileType = sourcecode.c.objc; path = HMScanner.m; sourceTree = "<group>"; };
		70249626228CFFA900BA01E0 /* HMScanner.bundle */ = {isa = PBXFileReference; lastKnownFileType = "wrapper.plug-in"; path = HMScanner.bundle; sourceTree = "<group>"; };
		70249627228CFFA900BA01E0 /* HMScanerCardViewController.m */ = {isa = PBXFileReference; fileEncoding = 4; lastKnownFileType = sourcecode.c.objc; path = HMScanerCardViewController.m; sourceTree = "<group>"; };
		70249628228CFFA900BA01E0 /* HMScannerMaskView.h */ = {isa = PBXFileReference; fileEncoding = 4; lastKnownFileType = sourcecode.c.h; path = HMScannerMaskView.h; sourceTree = "<group>"; };
		70249629228CFFA900BA01E0 /* HMScannerController.m */ = {isa = PBXFileReference; fileEncoding = 4; lastKnownFileType = sourcecode.c.objc; path = HMScannerController.m; sourceTree = "<group>"; };
		7024962A228CFFA900BA01E0 /* HMScannerBorder.h */ = {isa = PBXFileReference; fileEncoding = 4; lastKnownFileType = sourcecode.c.h; path = HMScannerBorder.h; sourceTree = "<group>"; };
		7024962B228CFFA900BA01E0 /* HMScannerViewController.h */ = {isa = PBXFileReference; fileEncoding = 4; lastKnownFileType = sourcecode.c.h; path = HMScannerViewController.h; sourceTree = "<group>"; };
		7024962C228CFFA900BA01E0 /* HRQRViewController.h */ = {isa = PBXFileReference; fileEncoding = 4; lastKnownFileType = sourcecode.c.h; path = HRQRViewController.h; sourceTree = "<group>"; };
		7024962D228CFFA900BA01E0 /* WHSPhotoImageView.m */ = {isa = PBXFileReference; fileEncoding = 4; lastKnownFileType = sourcecode.c.objc; path = WHSPhotoImageView.m; sourceTree = "<group>"; };
		7024962E228CFFA900BA01E0 /* DBCommonString.m */ = {isa = PBXFileReference; fileEncoding = 4; lastKnownFileType = sourcecode.c.objc; path = DBCommonString.m; sourceTree = "<group>"; };
		7024962F228CFFA900BA01E0 /* SZImageView.h */ = {isa = PBXFileReference; fileEncoding = 4; lastKnownFileType = sourcecode.c.h; path = SZImageView.h; sourceTree = "<group>"; };
		70249631228CFFA900BA01E0 /* DBUserInfoModel.h */ = {isa = PBXFileReference; fileEncoding = 4; lastKnownFileType = sourcecode.c.h; path = DBUserInfoModel.h; sourceTree = "<group>"; };
		70249632228CFFA900BA01E0 /* KeyChainStore.h */ = {isa = PBXFileReference; fileEncoding = 4; lastKnownFileType = sourcecode.c.h; path = KeyChainStore.h; sourceTree = "<group>"; };
		70249633228CFFA900BA01E0 /* NSUtil.m */ = {isa = PBXFileReference; fileEncoding = 4; lastKnownFileType = sourcecode.c.objc; path = NSUtil.m; sourceTree = "<group>"; };
		70249634228CFFA900BA01E0 /* DBModelManager.m */ = {isa = PBXFileReference; fileEncoding = 4; lastKnownFileType = sourcecode.c.objc; path = DBModelManager.m; sourceTree = "<group>"; };
		70249635228CFFA900BA01E0 /* DBUserInfoModel.m */ = {isa = PBXFileReference; fileEncoding = 4; lastKnownFileType = sourcecode.c.objc; path = DBUserInfoModel.m; sourceTree = "<group>"; };
		70249636228CFFA900BA01E0 /* KeyChainStore.m */ = {isa = PBXFileReference; fileEncoding = 4; lastKnownFileType = sourcecode.c.objc; path = KeyChainStore.m; sourceTree = "<group>"; };
		70249637228CFFA900BA01E0 /* DBModelManager.h */ = {isa = PBXFileReference; fileEncoding = 4; lastKnownFileType = sourcecode.c.h; path = DBModelManager.h; sourceTree = "<group>"; };
		70249638228CFFA900BA01E0 /* NSUtil.h */ = {isa = PBXFileReference; fileEncoding = 4; lastKnownFileType = sourcecode.c.h; path = NSUtil.h; sourceTree = "<group>"; };
		70249639228CFFA900BA01E0 /* HRCreatQRView.m */ = {isa = PBXFileReference; fileEncoding = 4; lastKnownFileType = sourcecode.c.objc; path = HRCreatQRView.m; sourceTree = "<group>"; };
		7024963A228CFFA900BA01E0 /* BRBaseView.m */ = {isa = PBXFileReference; fileEncoding = 4; lastKnownFileType = sourcecode.c.objc; path = BRBaseView.m; sourceTree = "<group>"; };
		7024963B228CFFA900BA01E0 /* DBTipView.h */ = {isa = PBXFileReference; fileEncoding = 4; lastKnownFileType = sourcecode.c.h; path = DBTipView.h; sourceTree = "<group>"; };
		7024963C228CFFA900BA01E0 /* UIView+directionBorder.h */ = {isa = PBXFileReference; fileEncoding = 4; lastKnownFileType = sourcecode.c.h; path = "UIView+directionBorder.h"; sourceTree = "<group>"; };
		7024963D228CFFA900BA01E0 /* BRStringPickerView.m */ = {isa = PBXFileReference; fileEncoding = 4; lastKnownFileType = sourcecode.c.objc; path = BRStringPickerView.m; sourceTree = "<group>"; };
		7024963E228CFFA900BA01E0 /* WHSBaseNavigationController.h */ = {isa = PBXFileReference; fileEncoding = 4; lastKnownFileType = sourcecode.c.h; path = WHSBaseNavigationController.h; sourceTree = "<group>"; };
		7024963F228CFFA900BA01E0 /* WHSAlertView.h */ = {isa = PBXFileReference; fileEncoding = 4; lastKnownFileType = sourcecode.c.h; path = WHSAlertView.h; sourceTree = "<group>"; };
		70249640228CFFA900BA01E0 /* DBTipView.m */ = {isa = PBXFileReference; fileEncoding = 4; lastKnownFileType = sourcecode.c.objc; path = DBTipView.m; sourceTree = "<group>"; };
		70249641228CFFA900BA01E0 /* BRBaseView.h */ = {isa = PBXFileReference; fileEncoding = 4; lastKnownFileType = sourcecode.c.h; path = BRBaseView.h; sourceTree = "<group>"; };
		70249642228CFFA900BA01E0 /* HRCreatQRView.h */ = {isa = PBXFileReference; fileEncoding = 4; lastKnownFileType = sourcecode.c.h; path = HRCreatQRView.h; sourceTree = "<group>"; };
		CE1C1E0523A1DDE300D4222F /* HRBaseViewController.m */ = {isa = PBXFileReference; fileEncoding = 4; lastKnownFileType = sourcecode.c.objc; path = HRBaseViewController.m; sourceTree = "<group>"; };
		CE1C1E0623A1DDE400D4222F /* HRBaseViewController.h */ = {isa = PBXFileReference; fileEncoding = 4; lastKnownFileType = sourcecode.c.h; path = HRBaseViewController.h; sourceTree = "<group>"; };
		CE1C1E0823A1DE7E00D4222F /* UIViewController+Extend.h */ = {isa = PBXFileReference; fileEncoding = 4; lastKnownFileType = sourcecode.c.h; path = "UIViewController+Extend.h"; sourceTree = "<group>"; };
		CE1C1E0923A1DE7E00D4222F /* UIViewController+Extend.m */ = {isa = PBXFileReference; fileEncoding = 4; lastKnownFileType = sourcecode.c.objc; path = "UIViewController+Extend.m"; sourceTree = "<group>"; };
		CE1C1E1223A218A400D4222F /* HRBaseDataModel.h */ = {isa = PBXFileReference; lastKnownFileType = sourcecode.c.h; path = HRBaseDataModel.h; sourceTree = "<group>"; };
		CE1C1E1323A218A400D4222F /* HRBaseDataModel.m */ = {isa = PBXFileReference; lastKnownFileType = sourcecode.c.objc; path = HRBaseDataModel.m; sourceTree = "<group>"; };
		CE1C1E1523A218DF00D4222F /* HRBaseModel.h */ = {isa = PBXFileReference; lastKnownFileType = sourcecode.c.h; path = HRBaseModel.h; sourceTree = "<group>"; };
		CE1C1E1623A218DF00D4222F /* HRBaseModel.m */ = {isa = PBXFileReference; lastKnownFileType = sourcecode.c.objc; path = HRBaseModel.m; sourceTree = "<group>"; };
		CE1C1E1823A218FC00D4222F /* HRBaseSimpleCell.h */ = {isa = PBXFileReference; lastKnownFileType = sourcecode.c.h; path = HRBaseSimpleCell.h; sourceTree = "<group>"; };
		CE1C1E1923A218FC00D4222F /* HRBaseSimpleCell.m */ = {isa = PBXFileReference; lastKnownFileType = sourcecode.c.objc; path = HRBaseSimpleCell.m; sourceTree = "<group>"; };
		CE1C1E1C23A219C400D4222F /* UITableView+CellIdentifiers.h */ = {isa = PBXFileReference; fileEncoding = 4; lastKnownFileType = sourcecode.c.h; path = "UITableView+CellIdentifiers.h"; sourceTree = "<group>"; };
		CE1C1E1D23A219C400D4222F /* UITableView+CellIdentifiers.m */ = {isa = PBXFileReference; fileEncoding = 4; lastKnownFileType = sourcecode.c.objc; path = "UITableView+CellIdentifiers.m"; sourceTree = "<group>"; };
		CE5CCC6E2394A9470030269D /* XLVideoPlayer.m */ = {isa = PBXFileReference; fileEncoding = 4; lastKnownFileType = sourcecode.c.objc; path = XLVideoPlayer.m; sourceTree = "<group>"; };
		CE5CCC702394A9470030269D /* XLSlider.h */ = {isa = PBXFileReference; fileEncoding = 4; lastKnownFileType = sourcecode.c.h; path = XLSlider.h; sourceTree = "<group>"; };
		CE5CCC712394A9470030269D /* XLSlider.m */ = {isa = PBXFileReference; fileEncoding = 4; lastKnownFileType = sourcecode.c.objc; path = XLSlider.m; sourceTree = "<group>"; };
		CE5CCC722394A9470030269D /* ImageResources.bundle */ = {isa = PBXFileReference; lastKnownFileType = "wrapper.plug-in"; path = ImageResources.bundle; sourceTree = "<group>"; };
		CE5CCC732394A9470030269D /* XLVideoPlayer.h */ = {isa = PBXFileReference; fileEncoding = 4; lastKnownFileType = sourcecode.c.h; path = XLVideoPlayer.h; sourceTree = "<group>"; };
		CE5CCC772394A9BC0030269D /* HRVideoPlayerViewController.h */ = {isa = PBXFileReference; lastKnownFileType = sourcecode.c.h; path = HRVideoPlayerViewController.h; sourceTree = "<group>"; };
		CE5CCC782394A9BC0030269D /* HRVideoPlayerViewController.m */ = {isa = PBXFileReference; lastKnownFileType = sourcecode.c.objc; path = HRVideoPlayerViewController.m; sourceTree = "<group>"; };
		CE8081E4239E327000DF64EE /* BMKShowMapPage.h */ = {isa = PBXFileReference; fileEncoding = 4; lastKnownFileType = sourcecode.c.h; path = BMKShowMapPage.h; sourceTree = "<group>"; };
		CE8081E5239E327000DF64EE /* BMKShowMapPage.m */ = {isa = PBXFileReference; fileEncoding = 4; lastKnownFileType = sourcecode.c.objc; path = BMKShowMapPage.m; sourceTree = "<group>"; };
		CE8081E7239E32E500DF64EE /* BMKLocationKit.framework */ = {isa = PBXFileReference; lastKnownFileType = wrapper.framework; path = BMKLocationKit.framework; sourceTree = "<group>"; };
		CE8081EB239E39F300DF64EE /* HCDecimalNumberTool.m */ = {isa = PBXFileReference; fileEncoding = 4; lastKnownFileType = sourcecode.c.objc; path = HCDecimalNumberTool.m; sourceTree = "<group>"; };
		CE8081EC239E39F300DF64EE /* HCDecimalNumberTool.h */ = {isa = PBXFileReference; fileEncoding = 4; lastKnownFileType = sourcecode.c.h; path = HCDecimalNumberTool.h; sourceTree = "<group>"; };
		CE8081EE239E39F300DF64EE /* MBProgressHUD+Add.m */ = {isa = PBXFileReference; fileEncoding = 4; lastKnownFileType = sourcecode.c.objc; path = "MBProgressHUD+Add.m"; sourceTree = "<group>"; };
		CE8081EF239E39F300DF64EE /* MBProgressHUD+NJ.m */ = {isa = PBXFileReference; fileEncoding = 4; lastKnownFileType = sourcecode.c.objc; path = "MBProgressHUD+NJ.m"; sourceTree = "<group>"; };
		CE8081F0239E39F300DF64EE /* MBProgressHUD+Add.h */ = {isa = PBXFileReference; fileEncoding = 4; lastKnownFileType = sourcecode.c.h; path = "MBProgressHUD+Add.h"; sourceTree = "<group>"; };
		CE8081F1239E39F300DF64EE /* MBProgressHUD+NJ.h */ = {isa = PBXFileReference; fileEncoding = 4; lastKnownFileType = sourcecode.c.h; path = "MBProgressHUD+NJ.h"; sourceTree = "<group>"; };
		CE8081F3239E39F400DF64EE /* HBRouter.h */ = {isa = PBXFileReference; fileEncoding = 4; lastKnownFileType = sourcecode.c.h; path = HBRouter.h; sourceTree = "<group>"; };
		CE8081F4239E39F400DF64EE /* UIResponder+HBRouter.h */ = {isa = PBXFileReference; fileEncoding = 4; lastKnownFileType = sourcecode.c.h; path = "UIResponder+HBRouter.h"; sourceTree = "<group>"; };
		CE8081F5239E39F400DF64EE /* HBRouter.plist */ = {isa = PBXFileReference; fileEncoding = 4; lastKnownFileType = text.plist.xml; path = HBRouter.plist; sourceTree = "<group>"; };
		CE8081F6239E39F400DF64EE /* HCRouter.h */ = {isa = PBXFileReference; fileEncoding = 4; lastKnownFileType = sourcecode.c.h; path = HCRouter.h; sourceTree = "<group>"; };
		CE8081F7239E39F400DF64EE /* UIResponder+HBRouter.m */ = {isa = PBXFileReference; fileEncoding = 4; lastKnownFileType = sourcecode.c.objc; path = "UIResponder+HBRouter.m"; sourceTree = "<group>"; };
		CE8081F8239E39F400DF64EE /* HBRouter.m */ = {isa = PBXFileReference; fileEncoding = 4; lastKnownFileType = sourcecode.c.objc; path = HBRouter.m; sourceTree = "<group>"; };
		CE8081F9239E39F400DF64EE /* HCRouter.m */ = {isa = PBXFileReference; fileEncoding = 4; lastKnownFileType = sourcecode.c.objc; path = HCRouter.m; sourceTree = "<group>"; };
		CE808201239E3A1A00DF64EE /* HRNetworkTool.m */ = {isa = PBXFileReference; fileEncoding = 4; lastKnownFileType = sourcecode.c.objc; path = HRNetworkTool.m; sourceTree = "<group>"; };
		CE808202239E3A1B00DF64EE /* HRNetworkTool.h */ = {isa = PBXFileReference; fileEncoding = 4; lastKnownFileType = sourcecode.c.h; path = HRNetworkTool.h; sourceTree = "<group>"; };
		CE808205239E3CAB00DF64EE /* HRBaseDemoController.h */ = {isa = PBXFileReference; lastKnownFileType = sourcecode.c.h; path = HRBaseDemoController.h; sourceTree = "<group>"; };
		CE808206239E3CAB00DF64EE /* HRBaseDemoController.m */ = {isa = PBXFileReference; lastKnownFileType = sourcecode.c.objc; path = HRBaseDemoController.m; sourceTree = "<group>"; };
		CE808209239E3E7000DF64EE /* HRNavigationViewController.h */ = {isa = PBXFileReference; lastKnownFileType = sourcecode.c.h; path = HRNavigationViewController.h; sourceTree = "<group>"; };
		CE80820A239E3E7000DF64EE /* HRNavigationViewController.m */ = {isa = PBXFileReference; lastKnownFileType = sourcecode.c.objc; path = HRNavigationViewController.m; sourceTree = "<group>"; };
		CE8264E0239A3415008A533C /* HRFunctionViewController.h */ = {isa = PBXFileReference; lastKnownFileType = sourcecode.c.h; path = HRFunctionViewController.h; sourceTree = "<group>"; };
		CE8264E1239A3415008A533C /* HRFunctionViewController.m */ = {isa = PBXFileReference; lastKnownFileType = sourcecode.c.objc; path = HRFunctionViewController.m; sourceTree = "<group>"; };
		CE8264E3239A3937008A533C /* HRTopRotateView.m */ = {isa = PBXFileReference; fileEncoding = 4; lastKnownFileType = sourcecode.c.objc; path = HRTopRotateView.m; sourceTree = "<group>"; };
		CE8264E4239A3937008A533C /* HRTopRotateView.h */ = {isa = PBXFileReference; fileEncoding = 4; lastKnownFileType = sourcecode.c.h; path = HRTopRotateView.h; sourceTree = "<group>"; };
		CE8264E6239A4976008A533C /* HRFunctionItemView.h */ = {isa = PBXFileReference; lastKnownFileType = sourcecode.c.h; path = HRFunctionItemView.h; sourceTree = "<group>"; };
		CE8264E7239A4976008A533C /* HRFunctionItemView.m */ = {isa = PBXFileReference; lastKnownFileType = sourcecode.c.objc; path = HRFunctionItemView.m; sourceTree = "<group>"; };
		CE8264E9239A4C53008A533C /* HREmergencySimpleView.h */ = {isa = PBXFileReference; lastKnownFileType = sourcecode.c.h; path = HREmergencySimpleView.h; sourceTree = "<group>"; };
		CE8264EA239A4C53008A533C /* HREmergencySimpleView.m */ = {isa = PBXFileReference; lastKnownFileType = sourcecode.c.objc; path = HREmergencySimpleView.m; sourceTree = "<group>"; };
		CE8264EC239A4C82008A533C /* HRSecuritySimpleView.h */ = {isa = PBXFileReference; lastKnownFileType = sourcecode.c.h; path = HRSecuritySimpleView.h; sourceTree = "<group>"; };
		CE8264ED239A4C82008A533C /* HRSecuritySimpleView.m */ = {isa = PBXFileReference; lastKnownFileType = sourcecode.c.objc; path = HRSecuritySimpleView.m; sourceTree = "<group>"; };
		CE8264EF239A52DC008A533C /* HRFunctionSimpleViewCell.h */ = {isa = PBXFileReference; lastKnownFileType = sourcecode.c.h; path = HRFunctionSimpleViewCell.h; sourceTree = "<group>"; };
		CE8264F0239A52DC008A533C /* HRFunctionSimpleViewCell.m */ = {isa = PBXFileReference; lastKnownFileType = sourcecode.c.objc; path = HRFunctionSimpleViewCell.m; sourceTree = "<group>"; };
		CE87A21722F44018008FC6FF /* YZXPieGraphView.h */ = {isa = PBXFileReference; fileEncoding = 4; lastKnownFileType = sourcecode.c.h; path = YZXPieGraphView.h; sourceTree = "<group>"; };
		CE87A21822F44018008FC6FF /* YZXPieGraphView.m */ = {isa = PBXFileReference; fileEncoding = 4; lastKnownFileType = sourcecode.c.objc; path = YZXPieGraphView.m; sourceTree = "<group>"; };
		CEAC99BC22F01FC3003DBFE3 /* HRCommonUtils.h */ = {isa = PBXFileReference; lastKnownFileType = sourcecode.c.h; path = HRCommonUtils.h; sourceTree = "<group>"; };
		CEAC99BD22F01FC3003DBFE3 /* HRCommonUtils.m */ = {isa = PBXFileReference; lastKnownFileType = sourcecode.c.objc; path = HRCommonUtils.m; sourceTree = "<group>"; };
		CEAC99BF22F0211E003DBFE3 /* HRCommonUtils.m */ = {isa = PBXFileReference; fileEncoding = 4; lastKnownFileType = sourcecode.c.objc; path = HRCommonUtils.m; sourceTree = "<group>"; };
		CEAC99C022F0211E003DBFE3 /* HRCommonUtils.h */ = {isa = PBXFileReference; fileEncoding = 4; lastKnownFileType = sourcecode.c.h; path = HRCommonUtils.h; sourceTree = "<group>"; };
		CEAC99C622F047F5003DBFE3 /* HREntenseButton.m */ = {isa = PBXFileReference; fileEncoding = 4; lastKnownFileType = sourcecode.c.objc; path = HREntenseButton.m; sourceTree = "<group>"; };
		CEAC99C722F047F6003DBFE3 /* HREntenseButton.h */ = {isa = PBXFileReference; fileEncoding = 4; lastKnownFileType = sourcecode.c.h; path = HREntenseButton.h; sourceTree = "<group>"; };
		CEBB8DA8234ED2DE00D3C079 /* big.mp4 */ = {isa = PBXFileReference; lastKnownFileType = file; path = big.mp4; sourceTree = "<group>"; };
		CEBB8DAA234ED3D800D3C079 /* small.mp4 */ = {isa = PBXFileReference; lastKnownFileType = file; path = small.mp4; sourceTree = "<group>"; };
		CEBB8DEB234F193E00D3C079 /* 123.jpg */ = {isa = PBXFileReference; lastKnownFileType = image.jpeg; path = 123.jpg; sourceTree = "<group>"; };
		CEC09AB6234C27AA008E2FCE /* HRProgressHub.h */ = {isa = PBXFileReference; lastKnownFileType = sourcecode.c.h; path = HRProgressHub.h; sourceTree = "<group>"; };
		CEC09AB7234C27AA008E2FCE /* HRProgressHub.m */ = {isa = PBXFileReference; lastKnownFileType = sourcecode.c.objc; path = HRProgressHub.m; sourceTree = "<group>"; };
		CEC7404723B98CBF00B37191 /* HRCustomField.m */ = {isa = PBXFileReference; fileEncoding = 4; lastKnownFileType = sourcecode.c.objc; path = HRCustomField.m; sourceTree = "<group>"; };
		CEC7404823B98CBF00B37191 /* HRCustomField.h */ = {isa = PBXFileReference; fileEncoding = 4; lastKnownFileType = sourcecode.c.h; path = HRCustomField.h; sourceTree = "<group>"; };
		CEC7404923B98CC000B37191 /* HRTextField.h */ = {isa = PBXFileReference; fileEncoding = 4; lastKnownFileType = sourcecode.c.h; path = HRTextField.h; sourceTree = "<group>"; };
		CEC7404A23B98CC000B37191 /* HRTextField.m */ = {isa = PBXFileReference; fileEncoding = 4; lastKnownFileType = sourcecode.c.objc; path = HRTextField.m; sourceTree = "<group>"; };
		CEC7404D23B9A8A500B37191 /* Utils.m */ = {isa = PBXFileReference; fileEncoding = 4; lastKnownFileType = sourcecode.c.objc; path = Utils.m; sourceTree = "<group>"; };
		CEC7404E23B9A8A500B37191 /* Utils.h */ = {isa = PBXFileReference; fileEncoding = 4; lastKnownFileType = sourcecode.c.h; path = Utils.h; sourceTree = "<group>"; };
		CECE5D21236BE0B0005BC497 /* HRSimpleTypeView.h */ = {isa = PBXFileReference; lastKnownFileType = sourcecode.c.h; path = HRSimpleTypeView.h; sourceTree = "<group>"; };
		CECE5D22236BE0B0005BC497 /* HRSimpleTypeView.m */ = {isa = PBXFileReference; lastKnownFileType = sourcecode.c.objc; path = HRSimpleTypeView.m; sourceTree = "<group>"; };
		CECF7CE2234DCCB000DA2A3B /* YHRepairRecordCenterView.h */ = {isa = PBXFileReference; lastKnownFileType = sourcecode.c.h; path = YHRepairRecordCenterView.h; sourceTree = "<group>"; };
		CECF7CE3234DCCB000DA2A3B /* YHRepairRecordCenterView.m */ = {isa = PBXFileReference; lastKnownFileType = sourcecode.c.objc; path = YHRepairRecordCenterView.m; sourceTree = "<group>"; };
		CECF7CE5234DCCBD00DA2A3B /* YHRepairRecordCenterView.xib */ = {isa = PBXFileReference; lastKnownFileType = file.xib; path = YHRepairRecordCenterView.xib; sourceTree = "<group>"; };
		CECF7CE7234DDC5D00DA2A3B /* YHRepairRecordSubInfoView.h */ = {isa = PBXFileReference; lastKnownFileType = sourcecode.c.h; path = YHRepairRecordSubInfoView.h; sourceTree = "<group>"; };
		CECF7CE8234DDC5D00DA2A3B /* YHRepairRecordSubInfoView.m */ = {isa = PBXFileReference; lastKnownFileType = sourcecode.c.objc; path = YHRepairRecordSubInfoView.m; sourceTree = "<group>"; };
		CECF7CEA234DDC6D00DA2A3B /* YHRepairRecordSubInfoView.xib */ = {isa = PBXFileReference; lastKnownFileType = file.xib; path = YHRepairRecordSubInfoView.xib; sourceTree = "<group>"; };
		CEE22A92239F8052006D256B /* HRChart.m */ = {isa = PBXFileReference; fileEncoding = 4; lastKnownFileType = sourcecode.c.objc; path = HRChart.m; sourceTree = "<group>"; };
		CEE22A93239F8052006D256B /* HRPieChartView.h */ = {isa = PBXFileReference; fileEncoding = 4; lastKnownFileType = sourcecode.c.h; path = HRPieChartView.h; sourceTree = "<group>"; };
		CEE22A94239F8052006D256B /* HRPieItemsView.m */ = {isa = PBXFileReference; fileEncoding = 4; lastKnownFileType = sourcecode.c.objc; path = HRPieItemsView.m; sourceTree = "<group>"; };
		CEE22A95239F8052006D256B /* HRPieForeBGView.h */ = {isa = PBXFileReference; fileEncoding = 4; lastKnownFileType = sourcecode.c.h; path = HRPieForeBGView.h; sourceTree = "<group>"; };
		CEE22A96239F8052006D256B /* HRShowInfoView.m */ = {isa = PBXFileReference; fileEncoding = 4; lastKnownFileType = sourcecode.c.objc; path = HRShowInfoView.m; sourceTree = "<group>"; };
		CEE22A97239F8052006D256B /* HRPieItemsView.h */ = {isa = PBXFileReference; fileEncoding = 4; lastKnownFileType = sourcecode.c.h; path = HRPieItemsView.h; sourceTree = "<group>"; };
		CEE22A98239F8052006D256B /* HRPieChartView.m */ = {isa = PBXFileReference; fileEncoding = 4; lastKnownFileType = sourcecode.c.objc; path = HRPieChartView.m; sourceTree = "<group>"; };
		CEE22A99239F8052006D256B /* HRChart.h */ = {isa = PBXFileReference; fileEncoding = 4; lastKnownFileType = sourcecode.c.h; path = HRChart.h; sourceTree = "<group>"; };
		CEE22A9A239F8052006D256B /* HRShowInfoView.h */ = {isa = PBXFileReference; fileEncoding = 4; lastKnownFileType = sourcecode.c.h; path = HRShowInfoView.h; sourceTree = "<group>"; };
		CEE22A9B239F8052006D256B /* HRPieForeBGView.m */ = {isa = PBXFileReference; fileEncoding = 4; lastKnownFileType = sourcecode.c.objc; path = HRPieForeBGView.m; sourceTree = "<group>"; };
		CEE22AA123A09B38006D256B /* lottie.js */ = {isa = PBXFileReference; fileEncoding = 4; lastKnownFileType = sourcecode.javascript; path = lottie.js; sourceTree = "<group>"; };
		CEE22AA423A0BBB8006D256B /* YHMyViewController.h */ = {isa = PBXFileReference; lastKnownFileType = sourcecode.c.h; path = YHMyViewController.h; sourceTree = "<group>"; };
		CEE22AA523A0BBB8006D256B /* YHMyViewController.m */ = {isa = PBXFileReference; lastKnownFileType = sourcecode.c.objc; path = YHMyViewController.m; sourceTree = "<group>"; };
		CEE22AAB23A0BF21006D256B /* YHMySimpleCell.h */ = {isa = PBXFileReference; lastKnownFileType = sourcecode.c.h; path = YHMySimpleCell.h; sourceTree = "<group>"; };
		CEE22AAC23A0BF21006D256B /* YHMySimpleCell.m */ = {isa = PBXFileReference; lastKnownFileType = sourcecode.c.objc; path = YHMySimpleCell.m; sourceTree = "<group>"; };
		CEE22AAE23A0BF33006D256B /* YHMySimpleModel.h */ = {isa = PBXFileReference; lastKnownFileType = sourcecode.c.h; path = YHMySimpleModel.h; sourceTree = "<group>"; };
		CEE22AAF23A0BF33006D256B /* YHMySimpleModel.m */ = {isa = PBXFileReference; lastKnownFileType = sourcecode.c.objc; path = YHMySimpleModel.m; sourceTree = "<group>"; };
		CEE22AB123A0DE68006D256B /* YHSimpleDemoViewController.h */ = {isa = PBXFileReference; lastKnownFileType = sourcecode.c.h; path = YHSimpleDemoViewController.h; sourceTree = "<group>"; };
		CEE22AB223A0DE68006D256B /* YHSimpleDemoViewController.m */ = {isa = PBXFileReference; lastKnownFileType = sourcecode.c.objc; path = YHSimpleDemoViewController.m; sourceTree = "<group>"; };
		CEFADD7523A3229E00ECE114 /* HRMJExtensionController.h */ = {isa = PBXFileReference; lastKnownFileType = sourcecode.c.h; path = HRMJExtensionController.h; sourceTree = "<group>"; };
		CEFADD7623A3229E00ECE114 /* HRMJExtensionController.m */ = {isa = PBXFileReference; lastKnownFileType = sourcecode.c.objc; path = HRMJExtensionController.m; sourceTree = "<group>"; };
		CEFADD7823A322B700ECE114 /* HRExtensionModel.h */ = {isa = PBXFileReference; lastKnownFileType = sourcecode.c.h; path = HRExtensionModel.h; sourceTree = "<group>"; };
		CEFADD7923A322B700ECE114 /* HRExtensionModel.m */ = {isa = PBXFileReference; lastKnownFileType = sourcecode.c.objc; path = HRExtensionModel.m; sourceTree = "<group>"; };
		CEFADD7C23A35FC900ECE114 /* HRDemo1Controller.h */ = {isa = PBXFileReference; lastKnownFileType = sourcecode.c.h; path = HRDemo1Controller.h; sourceTree = "<group>"; };
		CEFADD7D23A35FC900ECE114 /* HRDemo1Controller.m */ = {isa = PBXFileReference; lastKnownFileType = sourcecode.c.objc; path = HRDemo1Controller.m; sourceTree = "<group>"; };
		DD642F71EC5EAB0916E61A3A /* Pods-HRCommonTool.release.xcconfig */ = {isa = PBXFileReference; includeInIndex = 1; lastKnownFileType = text.xcconfig; name = "Pods-HRCommonTool.release.xcconfig"; path = "Target Support Files/Pods-HRCommonTool/Pods-HRCommonTool.release.xcconfig"; sourceTree = "<group>"; };
		EFB65FA40862C3F1BD04CF6F /* Pods-HRCommonTool.debug.xcconfig */ = {isa = PBXFileReference; includeInIndex = 1; lastKnownFileType = text.xcconfig; name = "Pods-HRCommonTool.debug.xcconfig"; path = "Target Support Files/Pods-HRCommonTool/Pods-HRCommonTool.debug.xcconfig"; sourceTree = "<group>"; };
/* End PBXFileReference section */

/* Begin PBXFrameworksBuildPhase section */
		702495A8228CFEAE00BA01E0 /* Frameworks */ = {
			isa = PBXFrameworksBuildPhase;
			buildActionMask = 2147483647;
			files = (
				E9D086660FC8B08648B713DF /* libPods-HRCommonTool.a in Frameworks */,
				CE8081E8239E32E500DF64EE /* BMKLocationKit.framework in Frameworks */,
			);
			runOnlyForDeploymentPostprocessing = 0;
		};
		702495C0228CFEB000BA01E0 /* Frameworks */ = {
			isa = PBXFrameworksBuildPhase;
			buildActionMask = 2147483647;
			files = (
			);
			runOnlyForDeploymentPostprocessing = 0;
		};
		702495CB228CFEB000BA01E0 /* Frameworks */ = {
			isa = PBXFrameworksBuildPhase;
			buildActionMask = 2147483647;
			files = (
			);
			runOnlyForDeploymentPostprocessing = 0;
		};
/* End PBXFrameworksBuildPhase section */

/* Begin PBXGroup section */
		21D73FEB4C4E9939FBE758F0 /* Frameworks */ = {
			isa = PBXGroup;
			children = (
				0BB0BAAA92354811311BCD02 /* libPods-HRCommonTool.a */,
			);
			name = Frameworks;
			sourceTree = "<group>";
		};
		702495A2228CFEAE00BA01E0 = {
			isa = PBXGroup;
			children = (
				702495AD228CFEAE00BA01E0 /* HRCommonTool */,
				702495C6228CFEB000BA01E0 /* HRCommonToolTests */,
				702495D1228CFEB000BA01E0 /* HRCommonToolUITests */,
				702495AC228CFEAE00BA01E0 /* Products */,
				CEDB8980237D588E004C1515 /* Recovered References */,
				E523DEB80BC6ED7E623E1BD9 /* Pods */,
				21D73FEB4C4E9939FBE758F0 /* Frameworks */,
			);
			sourceTree = "<group>";
		};
		702495AC228CFEAE00BA01E0 /* Products */ = {
			isa = PBXGroup;
			children = (
				702495AB228CFEAE00BA01E0 /* HRCommonTool.app */,
				702495C3228CFEB000BA01E0 /* HRCommonToolTests.xctest */,
				702495CE228CFEB000BA01E0 /* HRCommonToolUITests.xctest */,
			);
			name = Products;
			sourceTree = "<group>";
		};
		702495AD228CFEAE00BA01E0 /* HRCommonTool */ = {
			isa = PBXGroup;
			children = (
				CEFADD7223A321C100ECE114 /* MJExtensionDemo */,
				CEE22AA323A0BB9A006D256B /* My */,
				CE808208239E3E5100DF64EE /* Base */,
				CE808204239E3C7C00DF64EE /* Demo */,
				CE8081E9239E396100DF64EE /* Public */,
				CE90ABA4239E2C6100053407 /* MapModule */,
				CE90ABA3239E213800053407 /* Source */,
				CE90ABA2239E210E00053407 /* Subject */,
				CE5CCC6D2394A9460030269D /* VideoPlayer */,
				CECE5D1E236BE03D005BC497 /* TypeView */,
				CECF7CDF234DC70700DA2A3B /* View */,
				CEEEC3082334921000C5FD4B /* Vender */,
				7024960F228CFFA900BA01E0 /* ToolView */,
				702495EB228CFF7800BA01E0 /* HRCategory */,
				702495AE228CFEAE00BA01E0 /* AppDelegate.h */,
				702495AF228CFEAE00BA01E0 /* AppDelegate.m */,
				702495B1228CFEAE00BA01E0 /* ViewController.h */,
				702495B2228CFEAE00BA01E0 /* ViewController.m */,
				CEE22AA123A09B38006D256B /* lottie.js */,
				702495B7228CFEB000BA01E0 /* Assets.xcassets */,
				702495B9228CFEB000BA01E0 /* LaunchScreen.storyboard */,
				702495BC228CFEB000BA01E0 /* Info.plist */,
				702495BD228CFEB000BA01E0 /* main.m */,
				702495E0228CFEC500BA01E0 /* PrefixHeader.pch */,
			);
			path = HRCommonTool;
			sourceTree = "<group>";
		};
		702495C6228CFEB000BA01E0 /* HRCommonToolTests */ = {
			isa = PBXGroup;
			children = (
				702495C7228CFEB000BA01E0 /* HRCommonToolTests.m */,
				702495C9228CFEB000BA01E0 /* Info.plist */,
			);
			path = HRCommonToolTests;
			sourceTree = "<group>";
		};
		702495D1228CFEB000BA01E0 /* HRCommonToolUITests */ = {
			isa = PBXGroup;
			children = (
				702495D2228CFEB000BA01E0 /* HRCommonToolUITests.m */,
				702495D4228CFEB000BA01E0 /* Info.plist */,
			);
			path = HRCommonToolUITests;
			sourceTree = "<group>";
		};
		702495EB228CFF7800BA01E0 /* HRCategory */ = {
			isa = PBXGroup;
			children = (
				CE1C1E0823A1DE7E00D4222F /* UIViewController+Extend.h */,
				CE1C1E0923A1DE7E00D4222F /* UIViewController+Extend.m */,
				702495FF228CFF7900BA01E0 /* UIButton+Button.h */,
				702495F3228CFF7900BA01E0 /* UIButton+Button.m */,
				702495F6228CFF7900BA01E0 /* UIColor+ChangeColor.h */,
				702495ED228CFF7900BA01E0 /* UIColor+ChangeColor.m */,
				702495EE228CFF7900BA01E0 /* UIImage+Extense.h */,
				702495F9228CFF7900BA01E0 /* UIImage+Extense.m */,
				702495F2228CFF7900BA01E0 /* UILabel+Extend.h */,
				702495FA228CFF7900BA01E0 /* UILabel+Extend.m */,
				702495F5228CFF7900BA01E0 /* UINavigationBar+handle.h */,
				702495FD228CFF7900BA01E0 /* UINavigationBar+handle.m */,
				702495F0228CFF7900BA01E0 /* UIView+Extension.h */,
				702495FC228CFF7900BA01E0 /* UIView+Extension.m */,
				702495F4228CFF7900BA01E0 /* UIView+Radius.h */,
				702495FE228CFF7900BA01E0 /* UIView+Radius.m */,
				702495EF228CFF7900BA01E0 /* UIViewController+AlertViewAndActionSheet.h */,
				702495F8228CFF7900BA01E0 /* UIViewController+AlertViewAndActionSheet.m */,
				702495EC228CFF7900BA01E0 /* WHSNavItemView.h */,
				702495F7228CFF7900BA01E0 /* WHSNavItemView.m */,
			);
			path = HRCategory;
			sourceTree = "<group>";
		};
		7024960F228CFFA900BA01E0 /* ToolView */ = {
			isa = PBXGroup;
			children = (
				CEC7404E23B9A8A500B37191 /* Utils.h */,
				CEC7404D23B9A8A500B37191 /* Utils.m */,
				70249641228CFFA900BA01E0 /* BRBaseView.h */,
				7024963A228CFFA900BA01E0 /* BRBaseView.m */,
				70249618228CFFA900BA01E0 /* BRStringPickerView.h */,
				7024963D228CFFA900BA01E0 /* BRStringPickerView.m */,
				7024963B228CFFA900BA01E0 /* DBTipView.h */,
				70249640228CFFA900BA01E0 /* DBTipView.m */,
				CEAC99C022F0211E003DBFE3 /* HRCommonUtils.h */,
				CEAC99BF22F0211E003DBFE3 /* HRCommonUtils.m */,
				70249642228CFFA900BA01E0 /* HRCreatQRView.h */,
				70249639228CFFA900BA01E0 /* HRCreatQRView.m */,
				CEAC99C722F047F6003DBFE3 /* HREntenseButton.h */,
				CEAC99C622F047F5003DBFE3 /* HREntenseButton.m */,
				70249611228CFFA900BA01E0 /* NewPagedFlowView */,
				7024963C228CFFA900BA01E0 /* UIView+directionBorder.h */,
				70249610228CFFA900BA01E0 /* UIView+directionBorder.m */,
				7024963F228CFFA900BA01E0 /* WHSAlertView.h */,
				70249616228CFFA900BA01E0 /* WHSAlertView.m */,
				7024963E228CFFA900BA01E0 /* WHSBaseNavigationController.h */,
				70249617228CFFA900BA01E0 /* WHSBaseNavigationController.m */,
				70249619228CFFA900BA01E0 /* WHSToolVontroller */,
				CE87A21622F44018008FC6FF /* YZXPieGraphView */,
				CEAC99BC22F01FC3003DBFE3 /* HRCommonUtils.h */,
				CEAC99BD22F01FC3003DBFE3 /* HRCommonUtils.m */,
				CEC09AB6234C27AA008E2FCE /* HRProgressHub.h */,
				CEC09AB7234C27AA008E2FCE /* HRProgressHub.m */,
			);
			path = ToolView;
			sourceTree = "<group>";
		};
		70249611228CFFA900BA01E0 /* NewPagedFlowView */ = {
			isa = PBXGroup;
			children = (
				70249612228CFFA900BA01E0 /* PGIndexBannerSubiew.m */,
				70249613228CFFA900BA01E0 /* NewPagedFlowView.m */,
				70249614228CFFA900BA01E0 /* PGIndexBannerSubiew.h */,
				70249615228CFFA900BA01E0 /* NewPagedFlowView.h */,
			);
			path = NewPagedFlowView;
			sourceTree = "<group>";
		};
		70249619228CFFA900BA01E0 /* WHSToolVontroller */ = {
			isa = PBXGroup;
			children = (
				7024961C228CFFA900BA01E0 /* DBCommonString.h */,
				7024962E228CFFA900BA01E0 /* DBCommonString.m */,
				70249630228CFFA900BA01E0 /* HRPictureCompression */,
				7024962C228CFFA900BA01E0 /* HRQRViewController.h */,
				7024961A228CFFA900BA01E0 /* HRQRViewController.m */,
				7024961E228CFFA900BA01E0 /* QRCode */,
				7024962F228CFFA900BA01E0 /* SZImageView.h */,
				7024961B228CFFA900BA01E0 /* SZImageView.m */,
				7024961D228CFFA900BA01E0 /* WHSPhotoImageView.h */,
				7024962D228CFFA900BA01E0 /* WHSPhotoImageView.m */,
			);
			path = WHSToolVontroller;
			sourceTree = "<group>";
		};
		7024961E228CFFA900BA01E0 /* QRCode */ = {
			isa = PBXGroup;
			children = (
				7024961F228CFFA900BA01E0 /* HMScanner.h */,
				70249620228CFFA900BA01E0 /* HMScannerBorder.m */,
				70249621228CFFA900BA01E0 /* HMScannerController.h */,
				70249622228CFFA900BA01E0 /* HMScannerMaskView.m */,
				70249623228CFFA900BA01E0 /* HMScanerCardViewController.h */,
				70249624228CFFA900BA01E0 /* HMScannerViewController.m */,
				70249625228CFFA900BA01E0 /* HMScanner.m */,
				70249626228CFFA900BA01E0 /* HMScanner.bundle */,
				70249627228CFFA900BA01E0 /* HMScanerCardViewController.m */,
				70249628228CFFA900BA01E0 /* HMScannerMaskView.h */,
				70249629228CFFA900BA01E0 /* HMScannerController.m */,
				7024962A228CFFA900BA01E0 /* HMScannerBorder.h */,
				7024962B228CFFA900BA01E0 /* HMScannerViewController.h */,
			);
			path = QRCode;
			sourceTree = "<group>";
		};
		70249630228CFFA900BA01E0 /* HRPictureCompression */ = {
			isa = PBXGroup;
			children = (
				70249631228CFFA900BA01E0 /* DBUserInfoModel.h */,
				70249632228CFFA900BA01E0 /* KeyChainStore.h */,
				70249633228CFFA900BA01E0 /* NSUtil.m */,
				70249634228CFFA900BA01E0 /* DBModelManager.m */,
				70249635228CFFA900BA01E0 /* DBUserInfoModel.m */,
				70249636228CFFA900BA01E0 /* KeyChainStore.m */,
				70249637228CFFA900BA01E0 /* DBModelManager.h */,
				70249638228CFFA900BA01E0 /* NSUtil.h */,
			);
			path = HRPictureCompression;
			sourceTree = "<group>";
		};
		CE1C1E0E23A214A400D4222F /* Controller */ = {
			isa = PBXGroup;
			children = (
				CE808205239E3CAB00DF64EE /* HRBaseDemoController.h */,
				CE808206239E3CAB00DF64EE /* HRBaseDemoController.m */,
				CEFADD7C23A35FC900ECE114 /* HRDemo1Controller.h */,
				CEFADD7D23A35FC900ECE114 /* HRDemo1Controller.m */,
			);
			path = Controller;
			sourceTree = "<group>";
		};
		CE1C1E0F23A214B100D4222F /* View */ = {
			isa = PBXGroup;
			children = (
				CE1C1E1823A218FC00D4222F /* HRBaseSimpleCell.h */,
				CE1C1E1923A218FC00D4222F /* HRBaseSimpleCell.m */,
			);
			path = View;
			sourceTree = "<group>";
		};
		CE1C1E1023A214BA00D4222F /* Model */ = {
			isa = PBXGroup;
			children = (
				CE1C1E1523A218DF00D4222F /* HRBaseModel.h */,
				CE1C1E1623A218DF00D4222F /* HRBaseModel.m */,
			);
			path = Model;
			sourceTree = "<group>";
		};
		CE1C1E1123A214C600D4222F /* DataModel */ = {
			isa = PBXGroup;
			children = (
				CE1C1E1223A218A400D4222F /* HRBaseDataModel.h */,
				CE1C1E1323A218A400D4222F /* HRBaseDataModel.m */,
			);
			path = DataModel;
			sourceTree = "<group>";
		};
		CE1C1E1B23A219BA00D4222F /* Base */ = {
			isa = PBXGroup;
			children = (
				CE1C1E1C23A219C400D4222F /* UITableView+CellIdentifiers.h */,
				CE1C1E1D23A219C400D4222F /* UITableView+CellIdentifiers.m */,
			);
			path = Base;
			sourceTree = "<group>";
		};
		CE5CCC6D2394A9460030269D /* VideoPlayer */ = {
			isa = PBXGroup;
			children = (
				CE5CCC722394A9470030269D /* ImageResources.bundle */,
				CE5CCC6F2394A9470030269D /* Slider */,
				CE5CCC732394A9470030269D /* XLVideoPlayer.h */,
				CE5CCC6E2394A9470030269D /* XLVideoPlayer.m */,
			);
			path = VideoPlayer;
			sourceTree = "<group>";
		};
		CE5CCC6F2394A9470030269D /* Slider */ = {
			isa = PBXGroup;
			children = (
				CE5CCC702394A9470030269D /* XLSlider.h */,
				CE5CCC712394A9470030269D /* XLSlider.m */,
			);
			path = Slider;
			sourceTree = "<group>";
		};
		CE8081E9239E396100DF64EE /* Public */ = {
			isa = PBXGroup;
			children = (
				CEE22A91239F8052006D256B /* HRPieChart */,
				CE8081EA239E39F300DF64EE /* DecimalNumber */,
				CE8081ED239E39F300DF64EE /* Progress */,
				CE8081F2239E39F400DF64EE /* Router */,
			);
			path = Public;
			sourceTree = "<group>";
		};
		CE8081EA239E39F300DF64EE /* DecimalNumber */ = {
			isa = PBXGroup;
			children = (
				CE8081EC239E39F300DF64EE /* HCDecimalNumberTool.h */,
				CE8081EB239E39F300DF64EE /* HCDecimalNumberTool.m */,
				CE808202239E3A1B00DF64EE /* HRNetworkTool.h */,
				CE808201239E3A1A00DF64EE /* HRNetworkTool.m */,
			);
			path = DecimalNumber;
			sourceTree = "<group>";
		};
		CE8081ED239E39F300DF64EE /* Progress */ = {
			isa = PBXGroup;
			children = (
				CE8081F0239E39F300DF64EE /* MBProgressHUD+Add.h */,
				CE8081EE239E39F300DF64EE /* MBProgressHUD+Add.m */,
				CE8081F1239E39F300DF64EE /* MBProgressHUD+NJ.h */,
				CE8081EF239E39F300DF64EE /* MBProgressHUD+NJ.m */,
			);
			path = Progress;
			sourceTree = "<group>";
		};
		CE8081F2239E39F400DF64EE /* Router */ = {
			isa = PBXGroup;
			children = (
				CE8081F3239E39F400DF64EE /* HBRouter.h */,
				CE8081F8239E39F400DF64EE /* HBRouter.m */,
				CE8081F5239E39F400DF64EE /* HBRouter.plist */,
				CE8081F6239E39F400DF64EE /* HCRouter.h */,
				CE8081F9239E39F400DF64EE /* HCRouter.m */,
				CE8081F4239E39F400DF64EE /* UIResponder+HBRouter.h */,
				CE8081F7239E39F400DF64EE /* UIResponder+HBRouter.m */,
			);
			path = Router;
			sourceTree = "<group>";
		};
		CE808204239E3C7C00DF64EE /* Demo */ = {
			isa = PBXGroup;
			children = (
				CE1C1E1B23A219BA00D4222F /* Base */,
				CE1C1E1123A214C600D4222F /* DataModel */,
				CE1C1E1023A214BA00D4222F /* Model */,
				CE1C1E0F23A214B100D4222F /* View */,
				CE1C1E0E23A214A400D4222F /* Controller */,
			);
			path = Demo;
			sourceTree = "<group>";
		};
		CE808208239E3E5100DF64EE /* Base */ = {
			isa = PBXGroup;
			children = (
				CE1C1E0623A1DDE400D4222F /* HRBaseViewController.h */,
				CE1C1E0523A1DDE300D4222F /* HRBaseViewController.m */,
				CE808209239E3E7000DF64EE /* HRNavigationViewController.h */,
				CE80820A239E3E7000DF64EE /* HRNavigationViewController.m */,
			);
			path = Base;
			sourceTree = "<group>";
		};
		CE87A21622F44018008FC6FF /* YZXPieGraphView */ = {
			isa = PBXGroup;
			children = (
				CE87A21722F44018008FC6FF /* YZXPieGraphView.h */,
				CE87A21822F44018008FC6FF /* YZXPieGraphView.m */,
			);
			path = YZXPieGraphView;
			sourceTree = "<group>";
		};
		CE90ABA2239E210E00053407 /* Subject */ = {
			isa = PBXGroup;
			children = (
				CE5CCC772394A9BC0030269D /* HRVideoPlayerViewController.h */,
				CE5CCC782394A9BC0030269D /* HRVideoPlayerViewController.m */,
				CE8264E0239A3415008A533C /* HRFunctionViewController.h */,
				CE8264E1239A3415008A533C /* HRFunctionViewController.m */,
				CE8264E6239A4976008A533C /* HRFunctionItemView.h */,
				CE8264E7239A4976008A533C /* HRFunctionItemView.m */,
				CE8264E4239A3937008A533C /* HRTopRotateView.h */,
				CE8264E3239A3937008A533C /* HRTopRotateView.m */,
				CE8264E9239A4C53008A533C /* HREmergencySimpleView.h */,
				CE8264EA239A4C53008A533C /* HREmergencySimpleView.m */,
				CE8264EC239A4C82008A533C /* HRSecuritySimpleView.h */,
				CE8264ED239A4C82008A533C /* HRSecuritySimpleView.m */,
				CE8264EF239A52DC008A533C /* HRFunctionSimpleViewCell.h */,
				CE8264F0239A52DC008A533C /* HRFunctionSimpleViewCell.m */,
			);
			path = Subject;
			sourceTree = "<group>";
		};
		CE90ABA3239E213800053407 /* Source */ = {
			isa = PBXGroup;
			children = (
				CEBB8DEB234F193E00D3C079 /* 123.jpg */,
				CEBB8DAA234ED3D800D3C079 /* small.mp4 */,
				CEBB8DA8234ED2DE00D3C079 /* big.mp4 */,
			);
			path = Source;
			sourceTree = "<group>";
		};
		CE90ABA4239E2C6100053407 /* MapModule */ = {
			isa = PBXGroup;
			children = (
				CE8081E7239E32E500DF64EE /* BMKLocationKit.framework */,
				CE8081E4239E327000DF64EE /* BMKShowMapPage.h */,
				CE8081E5239E327000DF64EE /* BMKShowMapPage.m */,
			);
			path = MapModule;
			sourceTree = "<group>";
		};
		CECE5D1E236BE03D005BC497 /* TypeView */ = {
			isa = PBXGroup;
			children = (
				CEC7404823B98CBF00B37191 /* HRCustomField.h */,
				CEC7404723B98CBF00B37191 /* HRCustomField.m */,
				CEC7404923B98CC000B37191 /* HRTextField.h */,
				CEC7404A23B98CC000B37191 /* HRTextField.m */,
				CECE5D21236BE0B0005BC497 /* HRSimpleTypeView.h */,
				CECE5D22236BE0B0005BC497 /* HRSimpleTypeView.m */,
			);
			path = TypeView;
			sourceTree = "<group>";
		};
		CECF7CDF234DC70700DA2A3B /* View */ = {
			isa = PBXGroup;
			children = (
				CECF7CE2234DCCB000DA2A3B /* YHRepairRecordCenterView.h */,
				CECF7CE3234DCCB000DA2A3B /* YHRepairRecordCenterView.m */,
				CECF7CE5234DCCBD00DA2A3B /* YHRepairRecordCenterView.xib */,
				CECF7CE7234DDC5D00DA2A3B /* YHRepairRecordSubInfoView.h */,
				CECF7CE8234DDC5D00DA2A3B /* YHRepairRecordSubInfoView.m */,
				CECF7CEA234DDC6D00DA2A3B /* YHRepairRecordSubInfoView.xib */,
			);
			path = View;
			sourceTree = "<group>";
		};
		CEDB8980237D588E004C1515 /* Recovered References */ = {
			isa = PBXGroup;
			children = (
			);
			name = "Recovered References";
			sourceTree = "<group>";
		};
		CEE22A91239F8052006D256B /* HRPieChart */ = {
			isa = PBXGroup;
			children = (
				CEE22A99239F8052006D256B /* HRChart.h */,
				CEE22A92239F8052006D256B /* HRChart.m */,
				CEE22A93239F8052006D256B /* HRPieChartView.h */,
				CEE22A98239F8052006D256B /* HRPieChartView.m */,
				CEE22A95239F8052006D256B /* HRPieForeBGView.h */,
				CEE22A9B239F8052006D256B /* HRPieForeBGView.m */,
				CEE22A97239F8052006D256B /* HRPieItemsView.h */,
				CEE22A94239F8052006D256B /* HRPieItemsView.m */,
				CEE22A9A239F8052006D256B /* HRShowInfoView.h */,
				CEE22A96239F8052006D256B /* HRShowInfoView.m */,
			);
			path = HRPieChart;
			sourceTree = "<group>";
		};
		CEE22AA323A0BB9A006D256B /* My */ = {
			isa = PBXGroup;
			children = (
				CEE22AAA23A0BEF5006D256B /* Model */,
				CEE22AA823A0BEE7006D256B /* View */,
				CEE22AA723A0BEDF006D256B /* Controller */,
			);
			path = My;
			sourceTree = "<group>";
		};
		CEE22AA723A0BEDF006D256B /* Controller */ = {
			isa = PBXGroup;
			children = (
				CEE22AA423A0BBB8006D256B /* YHMyViewController.h */,
				CEE22AA523A0BBB8006D256B /* YHMyViewController.m */,
				CEE22AB123A0DE68006D256B /* YHSimpleDemoViewController.h */,
				CEE22AB223A0DE68006D256B /* YHSimpleDemoViewController.m */,
			);
			path = Controller;
			sourceTree = "<group>";
		};
		CEE22AA823A0BEE7006D256B /* View */ = {
			isa = PBXGroup;
			children = (
				CEE22AAB23A0BF21006D256B /* YHMySimpleCell.h */,
				CEE22AAC23A0BF21006D256B /* YHMySimpleCell.m */,
			);
			path = View;
			sourceTree = "<group>";
		};
		CEE22AAA23A0BEF5006D256B /* Model */ = {
			isa = PBXGroup;
			children = (
				CEE22AAE23A0BF33006D256B /* YHMySimpleModel.h */,
				CEE22AAF23A0BF33006D256B /* YHMySimpleModel.m */,
			);
			path = Model;
			sourceTree = "<group>";
		};
		CEEEC3082334921000C5FD4B /* Vender */ = {
			isa = PBXGroup;
			children = (
			);
			path = Vender;
			sourceTree = "<group>";
		};
		CEFADD7223A321C100ECE114 /* MJExtensionDemo */ = {
			isa = PBXGroup;
			children = (
				CEFADD7423A3221900ECE114 /* Model */,
				CEFADD7323A3220E00ECE114 /* Controller */,
			);
			path = MJExtensionDemo;
			sourceTree = "<group>";
		};
		CEFADD7323A3220E00ECE114 /* Controller */ = {
			isa = PBXGroup;
			children = (
				CEFADD7523A3229E00ECE114 /* HRMJExtensionController.h */,
				CEFADD7623A3229E00ECE114 /* HRMJExtensionController.m */,
			);
			path = Controller;
			sourceTree = "<group>";
		};
		CEFADD7423A3221900ECE114 /* Model */ = {
			isa = PBXGroup;
			children = (
				CEFADD7823A322B700ECE114 /* HRExtensionModel.h */,
				CEFADD7923A322B700ECE114 /* HRExtensionModel.m */,
			);
			path = Model;
			sourceTree = "<group>";
		};
		E523DEB80BC6ED7E623E1BD9 /* Pods */ = {
			isa = PBXGroup;
			children = (
				EFB65FA40862C3F1BD04CF6F /* Pods-HRCommonTool.debug.xcconfig */,
				DD642F71EC5EAB0916E61A3A /* Pods-HRCommonTool.release.xcconfig */,
			);
			path = Pods;
			sourceTree = "<group>";
		};
/* End PBXGroup section */

/* Begin PBXNativeTarget section */
		702495AA228CFEAE00BA01E0 /* HRCommonTool */ = {
			isa = PBXNativeTarget;
			buildConfigurationList = 702495D7228CFEB000BA01E0 /* Build configuration list for PBXNativeTarget "HRCommonTool" */;
			buildPhases = (
				DAEBB6F26477785259DD068C /* [CP] Check Pods Manifest.lock */,
				702495A7228CFEAE00BA01E0 /* Sources */,
				702495A8228CFEAE00BA01E0 /* Frameworks */,
				702495A9228CFEAE00BA01E0 /* Resources */,
				EC782CCBD66F7492353B33BA /* [CP] Copy Pods Resources */,
			);
			buildRules = (
			);
			dependencies = (
			);
			name = HRCommonTool;
			productName = HRCommonTool;
			productReference = 702495AB228CFEAE00BA01E0 /* HRCommonTool.app */;
			productType = "com.apple.product-type.application";
		};
		702495C2228CFEB000BA01E0 /* HRCommonToolTests */ = {
			isa = PBXNativeTarget;
			buildConfigurationList = 702495DA228CFEB000BA01E0 /* Build configuration list for PBXNativeTarget "HRCommonToolTests" */;
			buildPhases = (
				702495BF228CFEB000BA01E0 /* Sources */,
				702495C0228CFEB000BA01E0 /* Frameworks */,
				702495C1228CFEB000BA01E0 /* Resources */,
			);
			buildRules = (
			);
			dependencies = (
				702495C5228CFEB000BA01E0 /* PBXTargetDependency */,
			);
			name = HRCommonToolTests;
			productName = HRCommonToolTests;
			productReference = 702495C3228CFEB000BA01E0 /* HRCommonToolTests.xctest */;
			productType = "com.apple.product-type.bundle.unit-test";
		};
		702495CD228CFEB000BA01E0 /* HRCommonToolUITests */ = {
			isa = PBXNativeTarget;
			buildConfigurationList = 702495DD228CFEB000BA01E0 /* Build configuration list for PBXNativeTarget "HRCommonToolUITests" */;
			buildPhases = (
				702495CA228CFEB000BA01E0 /* Sources */,
				702495CB228CFEB000BA01E0 /* Frameworks */,
				702495CC228CFEB000BA01E0 /* Resources */,
			);
			buildRules = (
			);
			dependencies = (
				702495D0228CFEB000BA01E0 /* PBXTargetDependency */,
			);
			name = HRCommonToolUITests;
			productName = HRCommonToolUITests;
			productReference = 702495CE228CFEB000BA01E0 /* HRCommonToolUITests.xctest */;
			productType = "com.apple.product-type.bundle.ui-testing";
		};
/* End PBXNativeTarget section */

/* Begin PBXProject section */
		702495A3228CFEAE00BA01E0 /* Project object */ = {
			isa = PBXProject;
			attributes = {
				LastUpgradeCheck = 1010;
				ORGANIZATIONNAME = CCAPP;
				TargetAttributes = {
					702495AA228CFEAE00BA01E0 = {
						CreatedOnToolsVersion = 10.1;
						LastSwiftMigration = 1020;
					};
					702495C2228CFEB000BA01E0 = {
						CreatedOnToolsVersion = 10.1;
						TestTargetID = 702495AA228CFEAE00BA01E0;
					};
					702495CD228CFEB000BA01E0 = {
						CreatedOnToolsVersion = 10.1;
						TestTargetID = 702495AA228CFEAE00BA01E0;
					};
				};
			};
			buildConfigurationList = 702495A6228CFEAE00BA01E0 /* Build configuration list for PBXProject "HRCommonTool" */;
			compatibilityVersion = "Xcode 9.3";
			developmentRegion = en;
			hasScannedForEncodings = 0;
			knownRegions = (
				en,
				Base,
			);
			mainGroup = 702495A2228CFEAE00BA01E0;
			productRefGroup = 702495AC228CFEAE00BA01E0 /* Products */;
			projectDirPath = "";
			projectRoot = "";
			targets = (
				702495AA228CFEAE00BA01E0 /* HRCommonTool */,
				702495C2228CFEB000BA01E0 /* HRCommonToolTests */,
				702495CD228CFEB000BA01E0 /* HRCommonToolUITests */,
			);
		};
/* End PBXProject section */

/* Begin PBXResourcesBuildPhase section */
		702495A9228CFEAE00BA01E0 /* Resources */ = {
			isa = PBXResourcesBuildPhase;
			buildActionMask = 2147483647;
			files = (
				702495BB228CFEB000BA01E0 /* LaunchScreen.storyboard in Resources */,
				CEE22AA223A09B38006D256B /* lottie.js in Resources */,
				702495B8228CFEB000BA01E0 /* Assets.xcassets in Resources */,
				CEBB8DAB234ED3D800D3C079 /* small.mp4 in Resources */,
				70249650228CFFA900BA01E0 /* HMScanner.bundle in Resources */,
				CE5CCC762394A9470030269D /* ImageResources.bundle in Resources */,
				CE8081FD239E39F400DF64EE /* HBRouter.plist in Resources */,
				CECF7CE6234DCCBD00DA2A3B /* YHRepairRecordCenterView.xib in Resources */,
				CEBB8DEC234F193E00D3C079 /* 123.jpg in Resources */,
				CECF7CEB234DDC6D00DA2A3B /* YHRepairRecordSubInfoView.xib in Resources */,
				CEBB8DA9234ED2DF00D3C079 /* big.mp4 in Resources */,
			);
			runOnlyForDeploymentPostprocessing = 0;
		};
		702495C1228CFEB000BA01E0 /* Resources */ = {
			isa = PBXResourcesBuildPhase;
			buildActionMask = 2147483647;
			files = (
			);
			runOnlyForDeploymentPostprocessing = 0;
		};
		702495CC228CFEB000BA01E0 /* Resources */ = {
			isa = PBXResourcesBuildPhase;
			buildActionMask = 2147483647;
			files = (
			);
			runOnlyForDeploymentPostprocessing = 0;
		};
/* End PBXResourcesBuildPhase section */

/* Begin PBXShellScriptBuildPhase section */
		DAEBB6F26477785259DD068C /* [CP] Check Pods Manifest.lock */ = {
			isa = PBXShellScriptBuildPhase;
			buildActionMask = 2147483647;
			files = (
			);
			inputFileListPaths = (
			);
			inputPaths = (
				"${PODS_PODFILE_DIR_PATH}/Podfile.lock",
				"${PODS_ROOT}/Manifest.lock",
			);
			name = "[CP] Check Pods Manifest.lock";
			outputFileListPaths = (
			);
			outputPaths = (
				"$(DERIVED_FILE_DIR)/Pods-HRCommonTool-checkManifestLockResult.txt",
			);
			runOnlyForDeploymentPostprocessing = 0;
			shellPath = /bin/sh;
			shellScript = "diff \"${PODS_PODFILE_DIR_PATH}/Podfile.lock\" \"${PODS_ROOT}/Manifest.lock\" > /dev/null\nif [ $? != 0 ] ; then\n    # print error to STDERR\n    echo \"error: The sandbox is not in sync with the Podfile.lock. Run 'pod install' or update your CocoaPods installation.\" >&2\n    exit 1\nfi\n# This output is used by Xcode 'outputs' to avoid re-running this script phase.\necho \"SUCCESS\" > \"${SCRIPT_OUTPUT_FILE_0}\"\n";
			showEnvVarsInLog = 0;
		};
		EC782CCBD66F7492353B33BA /* [CP] Copy Pods Resources */ = {
			isa = PBXShellScriptBuildPhase;
			buildActionMask = 2147483647;
			files = (
			);
			inputFileListPaths = (
				"${PODS_ROOT}/Target Support Files/Pods-HRCommonTool/Pods-HRCommonTool-resources-${CONFIGURATION}-input-files.xcfilelist",
			);
			name = "[CP] Copy Pods Resources";
			outputFileListPaths = (
				"${PODS_ROOT}/Target Support Files/Pods-HRCommonTool/Pods-HRCommonTool-resources-${CONFIGURATION}-output-files.xcfilelist",
			);
			runOnlyForDeploymentPostprocessing = 0;
			shellPath = /bin/sh;
			shellScript = "\"${PODS_ROOT}/Target Support Files/Pods-HRCommonTool/Pods-HRCommonTool-resources.sh\"\n";
			showEnvVarsInLog = 0;
		};
/* End PBXShellScriptBuildPhase section */

/* Begin PBXSourcesBuildPhase section */
		702495A7228CFEAE00BA01E0 /* Sources */ = {
			isa = PBXSourcesBuildPhase;
			buildActionMask = 2147483647;
			files = (
				70249658228CFFA900BA01E0 /* KeyChainStore.m in Sources */,
				70249657228CFFA900BA01E0 /* DBUserInfoModel.m in Sources */,
				CE8264EB239A4C53008A533C /* HREmergencySimpleView.m in Sources */,
				70249605228CFF7900BA01E0 /* UIImage+Extense.m in Sources */,
				702495B3228CFEAE00BA01E0 /* ViewController.m in Sources */,
				70249607228CFF7900BA01E0 /* UIView+Extension.m in Sources */,
				70249653228CFFA900BA01E0 /* WHSPhotoImageView.m in Sources */,
				70249602228CFF7900BA01E0 /* UIButton+Button.m in Sources */,
				CEE22A9F239F8052006D256B /* HRPieChartView.m in Sources */,
				CE8264EE239A4C82008A533C /* HRSecuritySimpleView.m in Sources */,
				CE1C1E1423A218A400D4222F /* HRBaseDataModel.m in Sources */,
				70249651228CFFA900BA01E0 /* HMScanerCardViewController.m in Sources */,
				CEFADD7723A3229E00ECE114 /* HRMJExtensionController.m in Sources */,
				CEE22AA623A0BBB8006D256B /* YHMyViewController.m in Sources */,
				7024964A228CFFA900BA01E0 /* HRQRViewController.m in Sources */,
				7024965C228CFFA900BA01E0 /* DBTipView.m in Sources */,
				CEAC99C822F047F6003DBFE3 /* HREntenseButton.m in Sources */,
				CEFADD7A23A322B700ECE114 /* HRExtensionModel.m in Sources */,
				CE87A21922F44018008FC6FF /* YZXPieGraphView.m in Sources */,
				70249659228CFFA900BA01E0 /* HRCreatQRView.m in Sources */,
				CE808207239E3CAB00DF64EE /* HRBaseDemoController.m in Sources */,
				CEE22AA0239F8052006D256B /* HRPieForeBGView.m in Sources */,
				CEC7404F23B9A8A500B37191 /* Utils.m in Sources */,
				CE5CCC742394A9470030269D /* XLVideoPlayer.m in Sources */,
				70249606228CFF7900BA01E0 /* UILabel+Extend.m in Sources */,
				70249645228CFFA900BA01E0 /* UIView+directionBorder.m in Sources */,
				CE8264E5239A3937008A533C /* HRTopRotateView.m in Sources */,
				CECF7CE4234DCCB000DA2A3B /* YHRepairRecordCenterView.m in Sources */,
				70249647228CFFA900BA01E0 /* NewPagedFlowView.m in Sources */,
				CEE22AB023A0BF33006D256B /* YHMySimpleModel.m in Sources */,
				70249655228CFFA900BA01E0 /* NSUtil.m in Sources */,
				CE8081FE239E39F400DF64EE /* UIResponder+HBRouter.m in Sources */,
				CEE22AAD23A0BF21006D256B /* YHMySimpleCell.m in Sources */,
				70249604228CFF7900BA01E0 /* UIViewController+AlertViewAndActionSheet.m in Sources */,
				CEE22A9E239F8052006D256B /* HRShowInfoView.m in Sources */,
				CEFADD7E23A35FC900ECE114 /* HRDemo1Controller.m in Sources */,
				CE1C1E1A23A218FC00D4222F /* HRBaseSimpleCell.m in Sources */,
				CE8264F1239A52DC008A533C /* HRFunctionSimpleViewCell.m in Sources */,
				CE5CCC752394A9470030269D /* XLSlider.m in Sources */,
				CE8081FA239E39F400DF64EE /* HCDecimalNumberTool.m in Sources */,
				CE8081FC239E39F400DF64EE /* MBProgressHUD+NJ.m in Sources */,
				CE808200239E39F400DF64EE /* HCRouter.m in Sources */,
				CEE22A9C239F8052006D256B /* HRChart.m in Sources */,
				70249649228CFFA900BA01E0 /* WHSBaseNavigationController.m in Sources */,
				CEC7404B23B98CC000B37191 /* HRCustomField.m in Sources */,
				7024965A228CFFA900BA01E0 /* BRBaseView.m in Sources */,
				7024965B228CFFA900BA01E0 /* BRStringPickerView.m in Sources */,
				CEE22AB323A0DE68006D256B /* YHSimpleDemoViewController.m in Sources */,
				70249654228CFFA900BA01E0 /* DBCommonString.m in Sources */,
				7024964D228CFFA900BA01E0 /* HMScannerMaskView.m in Sources */,
				7024964F228CFFA900BA01E0 /* HMScanner.m in Sources */,
				70249600228CFF7900BA01E0 /* UIColor+ChangeColor.m in Sources */,
				CEE22A9D239F8052006D256B /* HRPieItemsView.m in Sources */,
				CE1C1E1723A218DF00D4222F /* HRBaseModel.m in Sources */,
				70249603228CFF7900BA01E0 /* WHSNavItemView.m in Sources */,
				CE8264E2239A3415008A533C /* HRFunctionViewController.m in Sources */,
				CE1C1E0A23A1DE7F00D4222F /* UIViewController+Extend.m in Sources */,
				CE8264E8239A4976008A533C /* HRFunctionItemView.m in Sources */,
				70249648228CFFA900BA01E0 /* WHSAlertView.m in Sources */,
				7024964B228CFFA900BA01E0 /* SZImageView.m in Sources */,
				70249652228CFFA900BA01E0 /* HMScannerController.m in Sources */,
				CE8081FB239E39F400DF64EE /* MBProgressHUD+Add.m in Sources */,
				CECE5D23236BE0B0005BC497 /* HRSimpleTypeView.m in Sources */,
				CE80820B239E3E7000DF64EE /* HRNavigationViewController.m in Sources */,
				7024964E228CFFA900BA01E0 /* HMScannerViewController.m in Sources */,
				70249609228CFF7900BA01E0 /* UIView+Radius.m in Sources */,
				70249608228CFF7900BA01E0 /* UINavigationBar+handle.m in Sources */,
				702495BE228CFEB000BA01E0 /* main.m in Sources */,
				70249646228CFFA900BA01E0 /* PGIndexBannerSubiew.m in Sources */,
				70249656228CFFA900BA01E0 /* DBModelManager.m in Sources */,
				CE8081FF239E39F400DF64EE /* HBRouter.m in Sources */,
				CECF7CE9234DDC5D00DA2A3B /* YHRepairRecordSubInfoView.m in Sources */,
				CEAC99BE22F01FC3003DBFE3 /* HRCommonUtils.m in Sources */,
				CEC09AB8234C27AA008E2FCE /* HRProgressHub.m in Sources */,
				CE808203239E3A1B00DF64EE /* HRNetworkTool.m in Sources */,
				CE8081E6239E327000DF64EE /* BMKShowMapPage.m in Sources */,
				CE1C1E1E23A219C400D4222F /* UITableView+CellIdentifiers.m in Sources */,
				CE5CCC792394A9BC0030269D /* HRVideoPlayerViewController.m in Sources */,
				CEC7404C23B98CC000B37191 /* HRTextField.m in Sources */,
				CEAC99C122F0211E003DBFE3 /* HRCommonUtils.m in Sources */,
				7024964C228CFFA900BA01E0 /* HMScannerBorder.m in Sources */,
				702495B0228CFEAE00BA01E0 /* AppDelegate.m in Sources */,
				CE1C1E0723A1DDE500D4222F /* HRBaseViewController.m in Sources */,
			);
			runOnlyForDeploymentPostprocessing = 0;
		};
		702495BF228CFEB000BA01E0 /* Sources */ = {
			isa = PBXSourcesBuildPhase;
			buildActionMask = 2147483647;
			files = (
				702495C8228CFEB000BA01E0 /* HRCommonToolTests.m in Sources */,
			);
			runOnlyForDeploymentPostprocessing = 0;
		};
		702495CA228CFEB000BA01E0 /* Sources */ = {
			isa = PBXSourcesBuildPhase;
			buildActionMask = 2147483647;
			files = (
				702495D3228CFEB000BA01E0 /* HRCommonToolUITests.m in Sources */,
			);
			runOnlyForDeploymentPostprocessing = 0;
		};
/* End PBXSourcesBuildPhase section */

/* Begin PBXTargetDependency section */
		702495C5228CFEB000BA01E0 /* PBXTargetDependency */ = {
			isa = PBXTargetDependency;
			target = 702495AA228CFEAE00BA01E0 /* HRCommonTool */;
			targetProxy = 702495C4228CFEB000BA01E0 /* PBXContainerItemProxy */;
		};
		702495D0228CFEB000BA01E0 /* PBXTargetDependency */ = {
			isa = PBXTargetDependency;
			target = 702495AA228CFEAE00BA01E0 /* HRCommonTool */;
			targetProxy = 702495CF228CFEB000BA01E0 /* PBXContainerItemProxy */;
		};
/* End PBXTargetDependency section */

/* Begin PBXVariantGroup section */
		702495B9228CFEB000BA01E0 /* LaunchScreen.storyboard */ = {
			isa = PBXVariantGroup;
			children = (
				702495BA228CFEB000BA01E0 /* Base */,
			);
			name = LaunchScreen.storyboard;
			sourceTree = "<group>";
		};
/* End PBXVariantGroup section */

/* Begin XCBuildConfiguration section */
		702495D5228CFEB000BA01E0 /* Debug */ = {
			isa = XCBuildConfiguration;
			buildSettings = {
				ALWAYS_SEARCH_USER_PATHS = NO;
				CLANG_ANALYZER_NONNULL = YES;
				CLANG_ANALYZER_NUMBER_OBJECT_CONVERSION = YES_AGGRESSIVE;
				CLANG_CXX_LANGUAGE_STANDARD = "gnu++14";
				CLANG_CXX_LIBRARY = "libc++";
				CLANG_ENABLE_MODULES = YES;
				CLANG_ENABLE_OBJC_ARC = YES;
				CLANG_ENABLE_OBJC_WEAK = YES;
				CLANG_WARN_BLOCK_CAPTURE_AUTORELEASING = YES;
				CLANG_WARN_BOOL_CONVERSION = YES;
				CLANG_WARN_COMMA = YES;
				CLANG_WARN_CONSTANT_CONVERSION = YES;
				CLANG_WARN_DEPRECATED_OBJC_IMPLEMENTATIONS = YES;
				CLANG_WARN_DIRECT_OBJC_ISA_USAGE = YES_ERROR;
				CLANG_WARN_DOCUMENTATION_COMMENTS = YES;
				CLANG_WARN_EMPTY_BODY = YES;
				CLANG_WARN_ENUM_CONVERSION = YES;
				CLANG_WARN_INFINITE_RECURSION = YES;
				CLANG_WARN_INT_CONVERSION = YES;
				CLANG_WARN_NON_LITERAL_NULL_CONVERSION = YES;
				CLANG_WARN_OBJC_IMPLICIT_RETAIN_SELF = YES;
				CLANG_WARN_OBJC_LITERAL_CONVERSION = YES;
				CLANG_WARN_OBJC_ROOT_CLASS = YES_ERROR;
				CLANG_WARN_RANGE_LOOP_ANALYSIS = YES;
				CLANG_WARN_STRICT_PROTOTYPES = YES;
				CLANG_WARN_SUSPICIOUS_MOVE = YES;
				CLANG_WARN_UNGUARDED_AVAILABILITY = YES_AGGRESSIVE;
				CLANG_WARN_UNREACHABLE_CODE = YES;
				CLANG_WARN__DUPLICATE_METHOD_MATCH = YES;
				CODE_SIGN_IDENTITY = "iPhone Developer";
				COPY_PHASE_STRIP = NO;
				DEBUG_INFORMATION_FORMAT = dwarf;
				ENABLE_STRICT_OBJC_MSGSEND = YES;
				ENABLE_TESTABILITY = YES;
				GCC_C_LANGUAGE_STANDARD = gnu11;
				GCC_DYNAMIC_NO_PIC = NO;
				GCC_NO_COMMON_BLOCKS = YES;
				GCC_OPTIMIZATION_LEVEL = 0;
				GCC_PREPROCESSOR_DEFINITIONS = (
					"DEBUG=1",
					"$(inherited)",
				);
				GCC_WARN_64_TO_32_BIT_CONVERSION = YES;
				GCC_WARN_ABOUT_RETURN_TYPE = YES_ERROR;
				GCC_WARN_UNDECLARED_SELECTOR = YES;
				GCC_WARN_UNINITIALIZED_AUTOS = YES_AGGRESSIVE;
				GCC_WARN_UNUSED_FUNCTION = YES;
				GCC_WARN_UNUSED_VARIABLE = YES;
				IPHONEOS_DEPLOYMENT_TARGET = 12.1;
				MTL_ENABLE_DEBUG_INFO = INCLUDE_SOURCE;
				MTL_FAST_MATH = YES;
				ONLY_ACTIVE_ARCH = YES;
				SDKROOT = iphoneos;
			};
			name = Debug;
		};
		702495D6228CFEB000BA01E0 /* Release */ = {
			isa = XCBuildConfiguration;
			buildSettings = {
				ALWAYS_SEARCH_USER_PATHS = NO;
				CLANG_ANALYZER_NONNULL = YES;
				CLANG_ANALYZER_NUMBER_OBJECT_CONVERSION = YES_AGGRESSIVE;
				CLANG_CXX_LANGUAGE_STANDARD = "gnu++14";
				CLANG_CXX_LIBRARY = "libc++";
				CLANG_ENABLE_MODULES = YES;
				CLANG_ENABLE_OBJC_ARC = YES;
				CLANG_ENABLE_OBJC_WEAK = YES;
				CLANG_WARN_BLOCK_CAPTURE_AUTORELEASING = YES;
				CLANG_WARN_BOOL_CONVERSION = YES;
				CLANG_WARN_COMMA = YES;
				CLANG_WARN_CONSTANT_CONVERSION = YES;
				CLANG_WARN_DEPRECATED_OBJC_IMPLEMENTATIONS = YES;
				CLANG_WARN_DIRECT_OBJC_ISA_USAGE = YES_ERROR;
				CLANG_WARN_DOCUMENTATION_COMMENTS = YES;
				CLANG_WARN_EMPTY_BODY = YES;
				CLANG_WARN_ENUM_CONVERSION = YES;
				CLANG_WARN_INFINITE_RECURSION = YES;
				CLANG_WARN_INT_CONVERSION = YES;
				CLANG_WARN_NON_LITERAL_NULL_CONVERSION = YES;
				CLANG_WARN_OBJC_IMPLICIT_RETAIN_SELF = YES;
				CLANG_WARN_OBJC_LITERAL_CONVERSION = YES;
				CLANG_WARN_OBJC_ROOT_CLASS = YES_ERROR;
				CLANG_WARN_RANGE_LOOP_ANALYSIS = YES;
				CLANG_WARN_STRICT_PROTOTYPES = YES;
				CLANG_WARN_SUSPICIOUS_MOVE = YES;
				CLANG_WARN_UNGUARDED_AVAILABILITY = YES_AGGRESSIVE;
				CLANG_WARN_UNREACHABLE_CODE = YES;
				CLANG_WARN__DUPLICATE_METHOD_MATCH = YES;
				CODE_SIGN_IDENTITY = "iPhone Developer";
				COPY_PHASE_STRIP = NO;
				DEBUG_INFORMATION_FORMAT = "dwarf-with-dsym";
				ENABLE_NS_ASSERTIONS = NO;
				ENABLE_STRICT_OBJC_MSGSEND = YES;
				GCC_C_LANGUAGE_STANDARD = gnu11;
				GCC_NO_COMMON_BLOCKS = YES;
				GCC_WARN_64_TO_32_BIT_CONVERSION = YES;
				GCC_WARN_ABOUT_RETURN_TYPE = YES_ERROR;
				GCC_WARN_UNDECLARED_SELECTOR = YES;
				GCC_WARN_UNINITIALIZED_AUTOS = YES_AGGRESSIVE;
				GCC_WARN_UNUSED_FUNCTION = YES;
				GCC_WARN_UNUSED_VARIABLE = YES;
				IPHONEOS_DEPLOYMENT_TARGET = 12.1;
				MTL_ENABLE_DEBUG_INFO = NO;
				MTL_FAST_MATH = YES;
				SDKROOT = iphoneos;
				VALIDATE_PRODUCT = YES;
			};
			name = Release;
		};
		702495D8228CFEB000BA01E0 /* Debug */ = {
			isa = XCBuildConfiguration;
			baseConfigurationReference = EFB65FA40862C3F1BD04CF6F /* Pods-HRCommonTool.debug.xcconfig */;
			buildSettings = {
				ASSETCATALOG_COMPILER_APPICON_NAME = AppIcon;
				CLANG_ENABLE_MODULES = YES;
				CODE_SIGN_IDENTITY = "iPhone Developer";
				CODE_SIGN_STYLE = Automatic;
				DEVELOPMENT_TEAM = 9DBJYL6PR9;
				FRAMEWORK_SEARCH_PATHS = (
					"$(inherited)",
					"$(PROJECT_DIR)/HRCommonTool/MapModule",
				);
				GCC_PRECOMPILE_PREFIX_HEADER = YES;
				GCC_PREFIX_HEADER = HRCommonTool/PrefixHeader.pch;
				INFOPLIST_FILE = HRCommonTool/Info.plist;
				IPHONEOS_DEPLOYMENT_TARGET = 10.0;
				LD_RUNPATH_SEARCH_PATHS = (
					"$(inherited)",
					"@executable_path/Frameworks",
				);
				PRODUCT_BUNDLE_IDENTIFIER = CC.HRCommonTool;
				PRODUCT_NAME = "$(TARGET_NAME)";
				PROVISIONING_PROFILE_SPECIFIER = "";
				SWIFT_OPTIMIZATION_LEVEL = "-Onone";
				SWIFT_VERSION = 5.0;
				TARGETED_DEVICE_FAMILY = "1,2";
			};
			name = Debug;
		};
		702495D9228CFEB000BA01E0 /* Release */ = {
			isa = XCBuildConfiguration;
			baseConfigurationReference = DD642F71EC5EAB0916E61A3A /* Pods-HRCommonTool.release.xcconfig */;
			buildSettings = {
				ASSETCATALOG_COMPILER_APPICON_NAME = AppIcon;
				CLANG_ENABLE_MODULES = YES;
				CODE_SIGN_IDENTITY = "iPhone Developer";
				CODE_SIGN_STYLE = Automatic;
				DEVELOPMENT_TEAM = 9DBJYL6PR9;
				FRAMEWORK_SEARCH_PATHS = (
					"$(inherited)",
					"$(PROJECT_DIR)/HRCommonTool/MapModule",
				);
				GCC_PRECOMPILE_PREFIX_HEADER = YES;
				GCC_PREFIX_HEADER = HRCommonTool/PrefixHeader.pch;
				INFOPLIST_FILE = HRCommonTool/Info.plist;
				IPHONEOS_DEPLOYMENT_TARGET = 10.0;
				LD_RUNPATH_SEARCH_PATHS = (
					"$(inherited)",
					"@executable_path/Frameworks",
				);
				PRODUCT_BUNDLE_IDENTIFIER = CC.HRCommonTool;
				PRODUCT_NAME = "$(TARGET_NAME)";
				PROVISIONING_PROFILE_SPECIFIER = "";
				SWIFT_VERSION = 5.0;
				TARGETED_DEVICE_FAMILY = "1,2";
			};
			name = Release;
		};
		702495DB228CFEB000BA01E0 /* Debug */ = {
			isa = XCBuildConfiguration;
			buildSettings = {
				BUNDLE_LOADER = "$(TEST_HOST)";
				CODE_SIGN_STYLE = Automatic;
				DEVELOPMENT_TEAM = B8WLF255VX;
				INFOPLIST_FILE = HRCommonToolTests/Info.plist;
				LD_RUNPATH_SEARCH_PATHS = (
					"$(inherited)",
					"@executable_path/Frameworks",
					"@loader_path/Frameworks",
				);
				PRODUCT_BUNDLE_IDENTIFIER = CC.HRCommonToolTests;
				PRODUCT_NAME = "$(TARGET_NAME)";
				TARGETED_DEVICE_FAMILY = "1,2";
				TEST_HOST = "$(BUILT_PRODUCTS_DIR)/HRCommonTool.app/HRCommonTool";
			};
			name = Debug;
		};
		702495DC228CFEB000BA01E0 /* Release */ = {
			isa = XCBuildConfiguration;
			buildSettings = {
				BUNDLE_LOADER = "$(TEST_HOST)";
				CODE_SIGN_STYLE = Automatic;
				DEVELOPMENT_TEAM = B8WLF255VX;
				INFOPLIST_FILE = HRCommonToolTests/Info.plist;
				LD_RUNPATH_SEARCH_PATHS = (
					"$(inherited)",
					"@executable_path/Frameworks",
					"@loader_path/Frameworks",
				);
				PRODUCT_BUNDLE_IDENTIFIER = CC.HRCommonToolTests;
				PRODUCT_NAME = "$(TARGET_NAME)";
				TARGETED_DEVICE_FAMILY = "1,2";
				TEST_HOST = "$(BUILT_PRODUCTS_DIR)/HRCommonTool.app/HRCommonTool";
			};
			name = Release;
		};
		702495DE228CFEB000BA01E0 /* Debug */ = {
			isa = XCBuildConfiguration;
			buildSettings = {
				CODE_SIGN_STYLE = Automatic;
				DEVELOPMENT_TEAM = B8WLF255VX;
				INFOPLIST_FILE = HRCommonToolUITests/Info.plist;
				LD_RUNPATH_SEARCH_PATHS = (
					"$(inherited)",
					"@executable_path/Frameworks",
					"@loader_path/Frameworks",
				);
				PRODUCT_BUNDLE_IDENTIFIER = CC.HRCommonToolUITests;
				PRODUCT_NAME = "$(TARGET_NAME)";
				TARGETED_DEVICE_FAMILY = "1,2";
				TEST_TARGET_NAME = HRCommonTool;
			};
			name = Debug;
		};
		702495DF228CFEB000BA01E0 /* Release */ = {
			isa = XCBuildConfiguration;
			buildSettings = {
				CODE_SIGN_STYLE = Automatic;
				DEVELOPMENT_TEAM = B8WLF255VX;
				INFOPLIST_FILE = HRCommonToolUITests/Info.plist;
				LD_RUNPATH_SEARCH_PATHS = (
					"$(inherited)",
					"@executable_path/Frameworks",
					"@loader_path/Frameworks",
				);
				PRODUCT_BUNDLE_IDENTIFIER = CC.HRCommonToolUITests;
				PRODUCT_NAME = "$(TARGET_NAME)";
				TARGETED_DEVICE_FAMILY = "1,2";
				TEST_TARGET_NAME = HRCommonTool;
			};
			name = Release;
		};
/* End XCBuildConfiguration section */

/* Begin XCConfigurationList section */
		702495A6228CFEAE00BA01E0 /* Build configuration list for PBXProject "HRCommonTool" */ = {
			isa = XCConfigurationList;
			buildConfigurations = (
				702495D5228CFEB000BA01E0 /* Debug */,
				702495D6228CFEB000BA01E0 /* Release */,
			);
			defaultConfigurationIsVisible = 0;
			defaultConfigurationName = Release;
		};
		702495D7228CFEB000BA01E0 /* Build configuration list for PBXNativeTarget "HRCommonTool" */ = {
			isa = XCConfigurationList;
			buildConfigurations = (
				702495D8228CFEB000BA01E0 /* Debug */,
				702495D9228CFEB000BA01E0 /* Release */,
			);
			defaultConfigurationIsVisible = 0;
			defaultConfigurationName = Release;
		};
		702495DA228CFEB000BA01E0 /* Build configuration list for PBXNativeTarget "HRCommonToolTests" */ = {
			isa = XCConfigurationList;
			buildConfigurations = (
				702495DB228CFEB000BA01E0 /* Debug */,
				702495DC228CFEB000BA01E0 /* Release */,
			);
			defaultConfigurationIsVisible = 0;
			defaultConfigurationName = Release;
		};
		702495DD228CFEB000BA01E0 /* Build configuration list for PBXNativeTarget "HRCommonToolUITests" */ = {
			isa = XCConfigurationList;
			buildConfigurations = (
				702495DE228CFEB000BA01E0 /* Debug */,
				702495DF228CFEB000BA01E0 /* Release */,
			);
			defaultConfigurationIsVisible = 0;
			defaultConfigurationName = Release;
		};
/* End XCConfigurationList section */
	};
	rootObject = 702495A3228CFEAE00BA01E0 /* Project object */;
}
